// !$*UTF8*$!
{
	archiveVersion = 1;
	classes = {
	};
	objectVersion = 51;
	objects = {

/* Begin PBXBuildFile section */
		94CD35DC1E237C30D32E8865 /* Pods_ef_pulsar_palace.framework in Frameworks */ = {isa = PBXBuildFile; fileRef = DD9A6DBED1C2B013E82AC4D6 /* Pods_ef_pulsar_palace.framework */; };
		DA03A54F24FEEB9000E562E0 /* UserDefaultExtensions.swift in Sources */ = {isa = PBXBuildFile; fileRef = DA03A54E24FEEB9000E562E0 /* UserDefaultExtensions.swift */; };
		DA0EE4D1251E60D50026E4DF /* ResultsView.swift in Sources */ = {isa = PBXBuildFile; fileRef = DA0EE4D0251E60D50026E4DF /* ResultsView.swift */; };
		DA153EBA255313460009D21B /* SettingsUIView.swift in Sources */ = {isa = PBXBuildFile; fileRef = DA153EB9255313460009D21B /* SettingsUIView.swift */; };
		DA153EC625543C210009D21B /* README.md in Resources */ = {isa = PBXBuildFile; fileRef = DA153EC525543C210009D21B /* README.md */; };
		DA153ECB2555B2FA0009D21B /* LoadingCirclesUI.swift in Sources */ = {isa = PBXBuildFile; fileRef = DA153ECA2555B2FA0009D21B /* LoadingCirclesUI.swift */; };
		DA153ECE2555C1990009D21B /* LoadingUIView.swift in Sources */ = {isa = PBXBuildFile; fileRef = DA153ECD2555C1990009D21B /* LoadingUIView.swift */; };
		DA19106324F0394400C72477 /* SignInView.swift in Sources */ = {isa = PBXBuildFile; fileRef = DA19106224F0394400C72477 /* SignInView.swift */; };
		DA19106724F03AB500C72477 /* CreateACharacterView.swift in Sources */ = {isa = PBXBuildFile; fileRef = DA19106624F03AB500C72477 /* CreateACharacterView.swift */; };
		DA19106924F03B3000C72477 /* MainView.swift in Sources */ = {isa = PBXBuildFile; fileRef = DA19106824F03B3000C72477 /* MainView.swift */; };
		DA19106B24F03BDA00C72477 /* EntryView.swift in Sources */ = {isa = PBXBuildFile; fileRef = DA19106A24F03BDA00C72477 /* EntryView.swift */; };
		DA24006C24EB54F3009CCD22 /* Podfile in Resources */ = {isa = PBXBuildFile; fileRef = DA24006B24EB54F3009CCD22 /* Podfile */; };
		DA29997C250BD9E300A67035 /* AuthenticationHelper.swift in Sources */ = {isa = PBXBuildFile; fileRef = DA29997B250BD9E300A67035 /* AuthenticationHelper.swift */; };
		DA3833C02523B0CE00C3937E /* PulsarErrors.swift in Sources */ = {isa = PBXBuildFile; fileRef = DA3833BF2523B0CE00C3937E /* PulsarErrors.swift */; };
		DA426D232520EFD9005E7B98 /* revealConsequences.json in Resources */ = {isa = PBXBuildFile; fileRef = DA426D222520EFD9005E7B98 /* revealConsequences.json */; };
		DA784FBA255ADB080019AD43 /* CharacterPortraitUIView.swift in Sources */ = {isa = PBXBuildFile; fileRef = DA784FB9255ADB080019AD43 /* CharacterPortraitUIView.swift */; };
		DA784FBF255ADDC60019AD43 /* SettingsButtonUIView.swift in Sources */ = {isa = PBXBuildFile; fileRef = DA784FBE255ADDC60019AD43 /* SettingsButtonUIView.swift */; };
		DA784FC5255AF0410019AD43 /* SettingsRowItemUIView.swift in Sources */ = {isa = PBXBuildFile; fileRef = DA784FC4255AF0410019AD43 /* SettingsRowItemUIView.swift */; };
		DA784FC8255AF7540019AD43 /* WhatIsItSwiftUIView.swift in Sources */ = {isa = PBXBuildFile; fileRef = DA784FC7255AF7540019AD43 /* WhatIsItSwiftUIView.swift */; };
		DA784FCB255AF8DD0019AD43 /* WhatIsAnEarthlyFrameUIView.swift in Sources */ = {isa = PBXBuildFile; fileRef = DA784FCA255AF8DD0019AD43 /* WhatIsAnEarthlyFrameUIView.swift */; };
		DA784FCE255AF8F00019AD43 /* WhyIsThisHappeningToMeUIView.swift in Sources */ = {isa = PBXBuildFile; fileRef = DA784FCD255AF8F00019AD43 /* WhyIsThisHappeningToMeUIView.swift */; };
		DA784FD1255B099A0019AD43 /* SpacingManager.swift in Sources */ = {isa = PBXBuildFile; fileRef = DA784FD0255B099A0019AD43 /* SpacingManager.swift */; };
		DA784FD5255C55CA0019AD43 /* CharacterHealthUIView.swift in Sources */ = {isa = PBXBuildFile; fileRef = DA784FD4255C55CA0019AD43 /* CharacterHealthUIView.swift */; };
		DA87074F24EADD9600CF7B62 /* AppDelegate.swift in Sources */ = {isa = PBXBuildFile; fileRef = DA87074E24EADD9600CF7B62 /* AppDelegate.swift */; };
		DA87075124EADD9600CF7B62 /* SceneDelegate.swift in Sources */ = {isa = PBXBuildFile; fileRef = DA87075024EADD9600CF7B62 /* SceneDelegate.swift */; };
		DA87075324EADD9600CF7B62 /* StartView.swift in Sources */ = {isa = PBXBuildFile; fileRef = DA87075224EADD9600CF7B62 /* StartView.swift */; };
		DA87075524EADD9900CF7B62 /* Assets.xcassets in Resources */ = {isa = PBXBuildFile; fileRef = DA87075424EADD9900CF7B62 /* Assets.xcassets */; };
		DA87075824EADD9900CF7B62 /* Preview Assets.xcassets in Resources */ = {isa = PBXBuildFile; fileRef = DA87075724EADD9900CF7B62 /* Preview Assets.xcassets */; };
		DA87075B24EADD9900CF7B62 /* LaunchScreen.storyboard in Resources */ = {isa = PBXBuildFile; fileRef = DA87075924EADD9900CF7B62 /* LaunchScreen.storyboard */; };
		DA8A82FD252638D4003CC6A5 /* 04 Drawing Room.m4a in Resources */ = {isa = PBXBuildFile; fileRef = DA8A82F3252638D1003CC6A5 /* 04 Drawing Room.m4a */; };
		DA8A82FE252638D4003CC6A5 /* 08 Nursery.m4a in Resources */ = {isa = PBXBuildFile; fileRef = DA8A82F4252638D1003CC6A5 /* 08 Nursery.m4a */; };
		DA8A82FF252638D4003CC6A5 /* 09 Cloak Room.m4a in Resources */ = {isa = PBXBuildFile; fileRef = DA8A82F5252638D2003CC6A5 /* 09 Cloak Room.m4a */; };
		DA8A8300252638D4003CC6A5 /* 10 Back Gardens.m4a in Resources */ = {isa = PBXBuildFile; fileRef = DA8A82F6252638D2003CC6A5 /* 10 Back Gardens.m4a */; };
		DA8A8301252638D4003CC6A5 /* 06 Great Chamber.m4a in Resources */ = {isa = PBXBuildFile; fileRef = DA8A82F7252638D2003CC6A5 /* 06 Great Chamber.m4a */; };
		DA8A8302252638D4003CC6A5 /* 02 Vestibule.m4a in Resources */ = {isa = PBXBuildFile; fileRef = DA8A82F8252638D3003CC6A5 /* 02 Vestibule.m4a */; };
		DA8A8303252638D4003CC6A5 /* 05 Guest Quarters.m4a in Resources */ = {isa = PBXBuildFile; fileRef = DA8A82F9252638D3003CC6A5 /* 05 Guest Quarters.m4a */; };
		DA8A8304252638D4003CC6A5 /* 01 Entrance.m4a in Resources */ = {isa = PBXBuildFile; fileRef = DA8A82FA252638D4003CC6A5 /* 01 Entrance.m4a */; };
		DA8A8305252638D4003CC6A5 /* 03 Foyer.m4a in Resources */ = {isa = PBXBuildFile; fileRef = DA8A82FB252638D4003CC6A5 /* 03 Foyer.m4a */; };
		DA8A8306252638D4003CC6A5 /* 07 Study.m4a in Resources */ = {isa = PBXBuildFile; fileRef = DA8A82FC252638D4003CC6A5 /* 07 Study.m4a */; };
		DA8A830925263903003CC6A5 /* MediaLookUpHelper.swift in Sources */ = {isa = PBXBuildFile; fileRef = DA8A830825263903003CC6A5 /* MediaLookUpHelper.swift */; };
		DA8CA228250BDE0900A53D6B /* SplashUIView.swift in Sources */ = {isa = PBXBuildFile; fileRef = DA8CA227250BDE0900A53D6B /* SplashUIView.swift */; };
		DA8CA22A250BE65300A53D6B /* signIn.json in Resources */ = {isa = PBXBuildFile; fileRef = DA8CA229250BE65300A53D6B /* signIn.json */; };
		DA8CA22C250BE66500A53D6B /* signUp.json in Resources */ = {isa = PBXBuildFile; fileRef = DA8CA22B250BE66500A53D6B /* signUp.json */; };
		DA95EE2C25124CDA00AE4248 /* getUsersCharacters.json in Resources */ = {isa = PBXBuildFile; fileRef = DA95EE2B25124CDA00AE4248 /* getUsersCharacters.json */; };
		DA95EE2E25124CF000AE4248 /* getUserByEmail.json in Resources */ = {isa = PBXBuildFile; fileRef = DA95EE2D25124CF000AE4248 /* getUserByEmail.json */; };
		DA95EE3025124D0600AE4248 /* updateUser.json in Resources */ = {isa = PBXBuildFile; fileRef = DA95EE2F25124D0600AE4248 /* updateUser.json */; };
		DA95EE3225124D1900AE4248 /* getUser.json in Resources */ = {isa = PBXBuildFile; fileRef = DA95EE3125124D1900AE4248 /* getUser.json */; };
		DA95EE3425124D2600AE4248 /* createEntry.json in Resources */ = {isa = PBXBuildFile; fileRef = DA95EE3325124D2600AE4248 /* createEntry.json */; };
		DA95EE3625124D3200AE4248 /* updateEntry.json in Resources */ = {isa = PBXBuildFile; fileRef = DA95EE3525124D3200AE4248 /* updateEntry.json */; };
		DA95EE3825124D4000AE4248 /* deleteEntry.json in Resources */ = {isa = PBXBuildFile; fileRef = DA95EE3725124D4000AE4248 /* deleteEntry.json */; };
		DA95EE3A25124D4C00AE4248 /* getEntry.json in Resources */ = {isa = PBXBuildFile; fileRef = DA95EE3925124D4C00AE4248 /* getEntry.json */; };
		DA95EE3C25124D6F00AE4248 /* archiveCharacter.json in Resources */ = {isa = PBXBuildFile; fileRef = DA95EE3B25124D6F00AE4248 /* archiveCharacter.json */; };
		DA95EE3E25124D7E00AE4248 /* createCharacter.json in Resources */ = {isa = PBXBuildFile; fileRef = DA95EE3D25124D7E00AE4248 /* createCharacter.json */; };
		DA95EE4025124D9100AE4248 /* updateCharacter.json in Resources */ = {isa = PBXBuildFile; fileRef = DA95EE3F25124D9100AE4248 /* updateCharacter.json */; };
		DA95EE4225124DA500AE4248 /* deleteCharacter.json in Resources */ = {isa = PBXBuildFile; fileRef = DA95EE4125124DA500AE4248 /* deleteCharacter.json */; };
		DA95EE4425124DB200AE4248 /* getPlayerCharacterInfo.json in Resources */ = {isa = PBXBuildFile; fileRef = DA95EE4325124DB200AE4248 /* getPlayerCharacterInfo.json */; };
		DA95EE4625124DC100AE4248 /* getCharacter.json in Resources */ = {isa = PBXBuildFile; fileRef = DA95EE4525124DC100AE4248 /* getCharacter.json */; };
		DA95EE4825124DCE00AE4248 /* invitePlayerToLog.json in Resources */ = {isa = PBXBuildFile; fileRef = DA95EE4725124DCE00AE4248 /* invitePlayerToLog.json */; };
		DA95EE4A25124DE200AE4248 /* getLog.json in Resources */ = {isa = PBXBuildFile; fileRef = DA95EE4925124DE200AE4248 /* getLog.json */; };
		DA95EE4C25124DF000AE4248 /* createLog.json in Resources */ = {isa = PBXBuildFile; fileRef = DA95EE4B25124DF000AE4248 /* createLog.json */; };
		DA95EE4E25124DFF00AE4248 /* updateLog.json in Resources */ = {isa = PBXBuildFile; fileRef = DA95EE4D25124DFF00AE4248 /* updateLog.json */; };
		DA95EE5025124E0D00AE4248 /* getPrompt.json in Resources */ = {isa = PBXBuildFile; fileRef = DA95EE4F25124E0D00AE4248 /* getPrompt.json */; };
		DAA4C8E6251A127C000E15B7 /* CharacterView.swift in Sources */ = {isa = PBXBuildFile; fileRef = DAA4C8E5251A127C000E15B7 /* CharacterView.swift */; };
		DAA4C8EF251A132F000E15B7 /* ActiveCharacterCardView.swift in Sources */ = {isa = PBXBuildFile; fileRef = DAA4C8EE251A132F000E15B7 /* ActiveCharacterCardView.swift */; };
		DAA4C8F2251A1359000E15B7 /* CharacterListRowView.swift in Sources */ = {isa = PBXBuildFile; fileRef = DAA4C8F1251A1359000E15B7 /* CharacterListRowView.swift */; };
		DAA4C8F5251A1371000E15B7 /* CharacterListView.swift in Sources */ = {isa = PBXBuildFile; fileRef = DAA4C8F4251A1371000E15B7 /* CharacterListView.swift */; };
		DAA4C8F9251A7068000E15B7 /* AuthoringView.swift in Sources */ = {isa = PBXBuildFile; fileRef = DAA4C8F8251A7068000E15B7 /* AuthoringView.swift */; };
		DAA4C8FC251A70C0000E15B7 /* EntryListView.swift in Sources */ = {isa = PBXBuildFile; fileRef = DAA4C8FB251A70C0000E15B7 /* EntryListView.swift */; };
		DAA4C8FF251A70D2000E15B7 /* EntryListRowView.swift in Sources */ = {isa = PBXBuildFile; fileRef = DAA4C8FE251A70D2000E15B7 /* EntryListRowView.swift */; };
		DAAD1C8324F6AE3000872B79 /* ScannerUIViewController.swift in Sources */ = {isa = PBXBuildFile; fileRef = DAAD1C8224F6AE3000872B79 /* ScannerUIViewController.swift */; };
		DAAD1C8524F6B0E000872B79 /* ScannerViewRepresent.swift in Sources */ = {isa = PBXBuildFile; fileRef = DAAD1C8424F6B0E000872B79 /* ScannerViewRepresent.swift */; };
		DAAD1C8724F6B24600872B79 /* ScannerView.swift in Sources */ = {isa = PBXBuildFile; fileRef = DAAD1C8624F6B24600872B79 /* ScannerView.swift */; };
		DAB501EE24F6E0E60048175E /* NetworkManager.swift in Sources */ = {isa = PBXBuildFile; fileRef = DAB501ED24F6E0E60048175E /* NetworkManager.swift */; };
		DAB501F024F6E1490048175E /* APITargets.swift in Sources */ = {isa = PBXBuildFile; fileRef = DAB501EF24F6E1490048175E /* APITargets.swift */; };
		DAB501F424F6E7B60048175E /* MockResponses.swift in Sources */ = {isa = PBXBuildFile; fileRef = DAB501F324F6E7B60048175E /* MockResponses.swift */; };
		DAB501FA24F6E9C40048175E /* CharacterBackgrounds.swift in Sources */ = {isa = PBXBuildFile; fileRef = DAB501F924F6E9C40048175E /* CharacterBackgrounds.swift */; };
		DAC2B0AD24F96D5300FF2F9E /* CharacterDescriptors.swift in Sources */ = {isa = PBXBuildFile; fileRef = DAC2B0AC24F96D5300FF2F9E /* CharacterDescriptors.swift */; };
		DAC2B0AF24F96D6700FF2F9E /* CharacterSettings.swift in Sources */ = {isa = PBXBuildFile; fileRef = DAC2B0AE24F96D6700FF2F9E /* CharacterSettings.swift */; };
		DAC2B0B124F96D7400FF2F9E /* CharacterRoles.swift in Sources */ = {isa = PBXBuildFile; fileRef = DAC2B0B024F96D7400FF2F9E /* CharacterRoles.swift */; };
		DAC2B0B524F96D9C00FF2F9E /* Users.swift in Sources */ = {isa = PBXBuildFile; fileRef = DAC2B0B424F96D9C00FF2F9E /* Users.swift */; };
		DAC2B0B724F96DAD00FF2F9E /* Entries.swift in Sources */ = {isa = PBXBuildFile; fileRef = DAC2B0B624F96DAD00FF2F9E /* Entries.swift */; };
		DAC2B0B924F96DBD00FF2F9E /* Logs.swift in Sources */ = {isa = PBXBuildFile; fileRef = DAC2B0B824F96DBD00FF2F9E /* Logs.swift */; };
		DAC2B0BB24F96DD300FF2F9E /* Songs.swift in Sources */ = {isa = PBXBuildFile; fileRef = DAC2B0BA24F96DD300FF2F9E /* Songs.swift */; };
		DAC2B0BD24F96DE600FF2F9E /* Characters.swift in Sources */ = {isa = PBXBuildFile; fileRef = DAC2B0BC24F96DE600FF2F9E /* Characters.swift */; };
		DAC2B0BF24F96DF400FF2F9E /* Prompts.swift in Sources */ = {isa = PBXBuildFile; fileRef = DAC2B0BE24F96DF400FF2F9E /* Prompts.swift */; };
		DAC2B0C424FA8D8900FF2F9E /* SongPlayerViewController.swift in Sources */ = {isa = PBXBuildFile; fileRef = DAC2B0C324FA8D8900FF2F9E /* SongPlayerViewController.swift */; };
		DAC2B0C924FA93FF00FF2F9E /* SongPlayerViewRepresent.swift in Sources */ = {isa = PBXBuildFile; fileRef = DAC2B0C824FA93FF00FF2F9E /* SongPlayerViewRepresent.swift */; };
		DAC2B0CB24FA953200FF2F9E /* SongPlayerView.swift in Sources */ = {isa = PBXBuildFile; fileRef = DAC2B0CA24FA953200FF2F9E /* SongPlayerView.swift */; };
		DACB717325152C3B006BA73E /* entriesByCharacter.json in Resources */ = {isa = PBXBuildFile; fileRef = DACB717225152C3B006BA73E /* entriesByCharacter.json */; };
		DAE8BC6B255062870003B49C /* SourceSansPro-SemiBoldItalic.ttf in Resources */ = {isa = PBXBuildFile; fileRef = DAE8BC612550626B0003B49C /* SourceSansPro-SemiBoldItalic.ttf */; };
		DAE8BC6C255062870003B49C /* SourceSansPro-LightItalic.ttf in Resources */ = {isa = PBXBuildFile; fileRef = DAE8BC602550626B0003B49C /* SourceSansPro-LightItalic.ttf */; };
		DAE8BC6E255062870003B49C /* SourceSansPro-Regular.ttf in Resources */ = {isa = PBXBuildFile; fileRef = DAE8BC682550626C0003B49C /* SourceSansPro-Regular.ttf */; };
		DAE8BC71255062870003B49C /* SourceSansPro-Light.ttf in Resources */ = {isa = PBXBuildFile; fileRef = DAE8BC632550626B0003B49C /* SourceSansPro-Light.ttf */; };
		DAE8BC73255062870003B49C /* SourceSansPro-BlackItalic.ttf in Resources */ = {isa = PBXBuildFile; fileRef = DAE8BC662550626C0003B49C /* SourceSansPro-BlackItalic.ttf */; };
		DAE8BC75255062870003B49C /* SourceSansPro-Black.ttf in Resources */ = {isa = PBXBuildFile; fileRef = DAE8BC652550626B0003B49C /* SourceSansPro-Black.ttf */; };
		DAE8BC76255062870003B49C /* SourceSansPro-SemiBold.ttf in Resources */ = {isa = PBXBuildFile; fileRef = DAE8BC692550626C0003B49C /* SourceSansPro-SemiBold.ttf */; };
		DAE8BC8A255071BD0003B49C /* Colors.xcassets in Resources */ = {isa = PBXBuildFile; fileRef = DAE8BC89255071BD0003B49C /* Colors.xcassets */; };
		DAE8BC9125507B0D0003B49C /* ColorExtensions.swift in Sources */ = {isa = PBXBuildFile; fileRef = DAE8BC9025507B0D0003B49C /* ColorExtensions.swift */; };
		DAE8BC9425507BBA0003B49C /* FontExtensions.swift in Sources */ = {isa = PBXBuildFile; fileRef = DAE8BC9325507BBA0003B49C /* FontExtensions.swift */; };
		DAE8BC9A2550880F0003B49C /* SourceSansPro-Italic.ttf in Resources */ = {isa = PBXBuildFile; fileRef = DAE8BC982550880F0003B49C /* SourceSansPro-Italic.ttf */; };
		DAE8BCA4255097D00003B49C /* TextFieldExtensions.swift in Sources */ = {isa = PBXBuildFile; fileRef = DAE8BCA3255097D00003B49C /* TextFieldExtensions.swift */; };
		DAFD9DA4250AAC5000116198 /* ArrayExtensions.swift in Sources */ = {isa = PBXBuildFile; fileRef = DAFD9DA3250AAC5000116198 /* ArrayExtensions.swift */; };
/* End PBXBuildFile section */

/* Begin PBXFileReference section */
		83D06CDFD77E37E25DDEB3FE /* Pods-ef.pulsar-palace.debug.xcconfig */ = {isa = PBXFileReference; includeInIndex = 1; lastKnownFileType = text.xcconfig; name = "Pods-ef.pulsar-palace.debug.xcconfig"; path = "Target Support Files/Pods-ef.pulsar-palace/Pods-ef.pulsar-palace.debug.xcconfig"; sourceTree = "<group>"; };
		C73FA9AB19050A1D7E998E8E /* Pods-ef.pulsar-palace.release.xcconfig */ = {isa = PBXFileReference; includeInIndex = 1; lastKnownFileType = text.xcconfig; name = "Pods-ef.pulsar-palace.release.xcconfig"; path = "Target Support Files/Pods-ef.pulsar-palace/Pods-ef.pulsar-palace.release.xcconfig"; sourceTree = "<group>"; };
		DA03A54E24FEEB9000E562E0 /* UserDefaultExtensions.swift */ = {isa = PBXFileReference; lastKnownFileType = sourcecode.swift; path = UserDefaultExtensions.swift; sourceTree = "<group>"; };
		DA0EE4D0251E60D50026E4DF /* ResultsView.swift */ = {isa = PBXFileReference; lastKnownFileType = sourcecode.swift; path = ResultsView.swift; sourceTree = "<group>"; };
		DA153EB9255313460009D21B /* SettingsUIView.swift */ = {isa = PBXFileReference; lastKnownFileType = sourcecode.swift; path = SettingsUIView.swift; sourceTree = "<group>"; };
		DA153EC525543C210009D21B /* README.md */ = {isa = PBXFileReference; lastKnownFileType = net.daringfireball.markdown; path = README.md; sourceTree = "<group>"; };
		DA153ECA2555B2FA0009D21B /* LoadingCirclesUI.swift */ = {isa = PBXFileReference; lastKnownFileType = sourcecode.swift; path = LoadingCirclesUI.swift; sourceTree = "<group>"; };
		DA153ECD2555C1990009D21B /* LoadingUIView.swift */ = {isa = PBXFileReference; lastKnownFileType = sourcecode.swift; path = LoadingUIView.swift; sourceTree = "<group>"; };
		DA19106224F0394400C72477 /* SignInView.swift */ = {isa = PBXFileReference; lastKnownFileType = sourcecode.swift; path = SignInView.swift; sourceTree = "<group>"; };
		DA19106624F03AB500C72477 /* CreateACharacterView.swift */ = {isa = PBXFileReference; lastKnownFileType = sourcecode.swift; path = CreateACharacterView.swift; sourceTree = "<group>"; };
		DA19106824F03B3000C72477 /* MainView.swift */ = {isa = PBXFileReference; lastKnownFileType = sourcecode.swift; path = MainView.swift; sourceTree = "<group>"; };
		DA19106A24F03BDA00C72477 /* EntryView.swift */ = {isa = PBXFileReference; lastKnownFileType = sourcecode.swift; path = EntryView.swift; sourceTree = "<group>"; };
		DA24006B24EB54F3009CCD22 /* Podfile */ = {isa = PBXFileReference; fileEncoding = 4; lastKnownFileType = text; path = Podfile; sourceTree = "<group>"; xcLanguageSpecificationIdentifier = xcode.lang.ruby; };
		DA29997B250BD9E300A67035 /* AuthenticationHelper.swift */ = {isa = PBXFileReference; lastKnownFileType = sourcecode.swift; path = AuthenticationHelper.swift; sourceTree = "<group>"; };
		DA3833BF2523B0CE00C3937E /* PulsarErrors.swift */ = {isa = PBXFileReference; lastKnownFileType = sourcecode.swift; path = PulsarErrors.swift; sourceTree = "<group>"; };
		DA426D222520EFD9005E7B98 /* revealConsequences.json */ = {isa = PBXFileReference; lastKnownFileType = text.json; path = revealConsequences.json; sourceTree = "<group>"; };
		DA58E989254614430048CC84 /* .gitignore */ = {isa = PBXFileReference; lastKnownFileType = text; path = .gitignore; sourceTree = "<group>"; };
		DA784FB9255ADB080019AD43 /* CharacterPortraitUIView.swift */ = {isa = PBXFileReference; lastKnownFileType = sourcecode.swift; path = CharacterPortraitUIView.swift; sourceTree = "<group>"; };
		DA784FBE255ADDC60019AD43 /* SettingsButtonUIView.swift */ = {isa = PBXFileReference; lastKnownFileType = sourcecode.swift; path = SettingsButtonUIView.swift; sourceTree = "<group>"; };
		DA784FC4255AF0410019AD43 /* SettingsRowItemUIView.swift */ = {isa = PBXFileReference; lastKnownFileType = sourcecode.swift; path = SettingsRowItemUIView.swift; sourceTree = "<group>"; };
		DA784FC7255AF7540019AD43 /* WhatIsItSwiftUIView.swift */ = {isa = PBXFileReference; lastKnownFileType = sourcecode.swift; path = WhatIsItSwiftUIView.swift; sourceTree = "<group>"; };
		DA784FCA255AF8DD0019AD43 /* WhatIsAnEarthlyFrameUIView.swift */ = {isa = PBXFileReference; lastKnownFileType = sourcecode.swift; path = WhatIsAnEarthlyFrameUIView.swift; sourceTree = "<group>"; };
		DA784FCD255AF8F00019AD43 /* WhyIsThisHappeningToMeUIView.swift */ = {isa = PBXFileReference; lastKnownFileType = sourcecode.swift; path = WhyIsThisHappeningToMeUIView.swift; sourceTree = "<group>"; };
		DA784FD0255B099A0019AD43 /* SpacingManager.swift */ = {isa = PBXFileReference; lastKnownFileType = sourcecode.swift; path = SpacingManager.swift; sourceTree = "<group>"; };
		DA784FD4255C55CA0019AD43 /* CharacterHealthUIView.swift */ = {isa = PBXFileReference; lastKnownFileType = sourcecode.swift; path = CharacterHealthUIView.swift; sourceTree = "<group>"; };
		DA87074B24EADD9600CF7B62 /* PulsarPalace.app */ = {isa = PBXFileReference; explicitFileType = wrapper.application; includeInIndex = 0; path = PulsarPalace.app; sourceTree = BUILT_PRODUCTS_DIR; };
		DA87074E24EADD9600CF7B62 /* AppDelegate.swift */ = {isa = PBXFileReference; lastKnownFileType = sourcecode.swift; path = AppDelegate.swift; sourceTree = "<group>"; };
		DA87075024EADD9600CF7B62 /* SceneDelegate.swift */ = {isa = PBXFileReference; lastKnownFileType = sourcecode.swift; path = SceneDelegate.swift; sourceTree = "<group>"; };
		DA87075224EADD9600CF7B62 /* StartView.swift */ = {isa = PBXFileReference; lastKnownFileType = sourcecode.swift; path = StartView.swift; sourceTree = "<group>"; };
		DA87075424EADD9900CF7B62 /* Assets.xcassets */ = {isa = PBXFileReference; lastKnownFileType = folder.assetcatalog; path = Assets.xcassets; sourceTree = "<group>"; };
		DA87075724EADD9900CF7B62 /* Preview Assets.xcassets */ = {isa = PBXFileReference; lastKnownFileType = folder.assetcatalog; path = "Preview Assets.xcassets"; sourceTree = "<group>"; };
		DA87075A24EADD9900CF7B62 /* Base */ = {isa = PBXFileReference; lastKnownFileType = file.storyboard; name = Base; path = Base.lproj/LaunchScreen.storyboard; sourceTree = "<group>"; };
		DA87075C24EADD9900CF7B62 /* Info.plist */ = {isa = PBXFileReference; lastKnownFileType = text.plist.xml; path = Info.plist; sourceTree = "<group>"; };
		DA8A82F3252638D1003CC6A5 /* 04 Drawing Room.m4a */ = {isa = PBXFileReference; lastKnownFileType = file; path = "04 Drawing Room.m4a"; sourceTree = "<group>"; };
		DA8A82F4252638D1003CC6A5 /* 08 Nursery.m4a */ = {isa = PBXFileReference; lastKnownFileType = file; path = "08 Nursery.m4a"; sourceTree = "<group>"; };
		DA8A82F5252638D2003CC6A5 /* 09 Cloak Room.m4a */ = {isa = PBXFileReference; lastKnownFileType = file; path = "09 Cloak Room.m4a"; sourceTree = "<group>"; };
		DA8A82F6252638D2003CC6A5 /* 10 Back Gardens.m4a */ = {isa = PBXFileReference; lastKnownFileType = file; path = "10 Back Gardens.m4a"; sourceTree = "<group>"; };
		DA8A82F7252638D2003CC6A5 /* 06 Great Chamber.m4a */ = {isa = PBXFileReference; lastKnownFileType = file; path = "06 Great Chamber.m4a"; sourceTree = "<group>"; };
		DA8A82F8252638D3003CC6A5 /* 02 Vestibule.m4a */ = {isa = PBXFileReference; lastKnownFileType = file; path = "02 Vestibule.m4a"; sourceTree = "<group>"; };
		DA8A82F9252638D3003CC6A5 /* 05 Guest Quarters.m4a */ = {isa = PBXFileReference; lastKnownFileType = file; path = "05 Guest Quarters.m4a"; sourceTree = "<group>"; };
		DA8A82FA252638D4003CC6A5 /* 01 Entrance.m4a */ = {isa = PBXFileReference; lastKnownFileType = file; path = "01 Entrance.m4a"; sourceTree = "<group>"; };
		DA8A82FB252638D4003CC6A5 /* 03 Foyer.m4a */ = {isa = PBXFileReference; lastKnownFileType = file; path = "03 Foyer.m4a"; sourceTree = "<group>"; };
		DA8A82FC252638D4003CC6A5 /* 07 Study.m4a */ = {isa = PBXFileReference; lastKnownFileType = file; path = "07 Study.m4a"; sourceTree = "<group>"; };
		DA8A830825263903003CC6A5 /* MediaLookUpHelper.swift */ = {isa = PBXFileReference; lastKnownFileType = sourcecode.swift; path = MediaLookUpHelper.swift; sourceTree = "<group>"; };
		DA8CA227250BDE0900A53D6B /* SplashUIView.swift */ = {isa = PBXFileReference; lastKnownFileType = sourcecode.swift; path = SplashUIView.swift; sourceTree = "<group>"; };
		DA8CA229250BE65300A53D6B /* signIn.json */ = {isa = PBXFileReference; lastKnownFileType = text.json; path = signIn.json; sourceTree = "<group>"; };
		DA8CA22B250BE66500A53D6B /* signUp.json */ = {isa = PBXFileReference; lastKnownFileType = text.json; path = signUp.json; sourceTree = "<group>"; };
		DA95EE2B25124CDA00AE4248 /* getUsersCharacters.json */ = {isa = PBXFileReference; lastKnownFileType = text.json; path = getUsersCharacters.json; sourceTree = "<group>"; };
		DA95EE2D25124CF000AE4248 /* getUserByEmail.json */ = {isa = PBXFileReference; lastKnownFileType = text.json; path = getUserByEmail.json; sourceTree = "<group>"; };
		DA95EE2F25124D0600AE4248 /* updateUser.json */ = {isa = PBXFileReference; lastKnownFileType = text.json; path = updateUser.json; sourceTree = "<group>"; };
		DA95EE3125124D1900AE4248 /* getUser.json */ = {isa = PBXFileReference; lastKnownFileType = text.json; path = getUser.json; sourceTree = "<group>"; };
		DA95EE3325124D2600AE4248 /* createEntry.json */ = {isa = PBXFileReference; lastKnownFileType = text.json; path = createEntry.json; sourceTree = "<group>"; };
		DA95EE3525124D3200AE4248 /* updateEntry.json */ = {isa = PBXFileReference; lastKnownFileType = text.json; path = updateEntry.json; sourceTree = "<group>"; };
		DA95EE3725124D4000AE4248 /* deleteEntry.json */ = {isa = PBXFileReference; lastKnownFileType = text.json; path = deleteEntry.json; sourceTree = "<group>"; };
		DA95EE3925124D4C00AE4248 /* getEntry.json */ = {isa = PBXFileReference; lastKnownFileType = text.json; path = getEntry.json; sourceTree = "<group>"; };
		DA95EE3B25124D6F00AE4248 /* archiveCharacter.json */ = {isa = PBXFileReference; lastKnownFileType = text.json; path = archiveCharacter.json; sourceTree = "<group>"; };
		DA95EE3D25124D7E00AE4248 /* createCharacter.json */ = {isa = PBXFileReference; lastKnownFileType = text.json; path = createCharacter.json; sourceTree = "<group>"; };
		DA95EE3F25124D9100AE4248 /* updateCharacter.json */ = {isa = PBXFileReference; lastKnownFileType = text.json; path = updateCharacter.json; sourceTree = "<group>"; };
		DA95EE4125124DA500AE4248 /* deleteCharacter.json */ = {isa = PBXFileReference; lastKnownFileType = text.json; path = deleteCharacter.json; sourceTree = "<group>"; };
		DA95EE4325124DB200AE4248 /* getPlayerCharacterInfo.json */ = {isa = PBXFileReference; lastKnownFileType = text.json; path = getPlayerCharacterInfo.json; sourceTree = "<group>"; };
		DA95EE4525124DC100AE4248 /* getCharacter.json */ = {isa = PBXFileReference; lastKnownFileType = text.json; path = getCharacter.json; sourceTree = "<group>"; };
		DA95EE4725124DCE00AE4248 /* invitePlayerToLog.json */ = {isa = PBXFileReference; lastKnownFileType = text.json; path = invitePlayerToLog.json; sourceTree = "<group>"; };
		DA95EE4925124DE200AE4248 /* getLog.json */ = {isa = PBXFileReference; lastKnownFileType = text.json; path = getLog.json; sourceTree = "<group>"; };
		DA95EE4B25124DF000AE4248 /* createLog.json */ = {isa = PBXFileReference; lastKnownFileType = text.json; path = createLog.json; sourceTree = "<group>"; };
		DA95EE4D25124DFF00AE4248 /* updateLog.json */ = {isa = PBXFileReference; lastKnownFileType = text.json; path = updateLog.json; sourceTree = "<group>"; };
		DA95EE4F25124E0D00AE4248 /* getPrompt.json */ = {isa = PBXFileReference; lastKnownFileType = text.json; path = getPrompt.json; sourceTree = "<group>"; };
		DAA4C8E5251A127C000E15B7 /* CharacterView.swift */ = {isa = PBXFileReference; lastKnownFileType = sourcecode.swift; path = CharacterView.swift; sourceTree = "<group>"; };
		DAA4C8EE251A132F000E15B7 /* ActiveCharacterCardView.swift */ = {isa = PBXFileReference; lastKnownFileType = sourcecode.swift; path = ActiveCharacterCardView.swift; sourceTree = "<group>"; };
		DAA4C8F1251A1359000E15B7 /* CharacterListRowView.swift */ = {isa = PBXFileReference; lastKnownFileType = sourcecode.swift; path = CharacterListRowView.swift; sourceTree = "<group>"; };
		DAA4C8F4251A1371000E15B7 /* CharacterListView.swift */ = {isa = PBXFileReference; lastKnownFileType = sourcecode.swift; path = CharacterListView.swift; sourceTree = "<group>"; };
		DAA4C8F8251A7068000E15B7 /* AuthoringView.swift */ = {isa = PBXFileReference; lastKnownFileType = sourcecode.swift; path = AuthoringView.swift; sourceTree = "<group>"; };
		DAA4C8FB251A70C0000E15B7 /* EntryListView.swift */ = {isa = PBXFileReference; lastKnownFileType = sourcecode.swift; path = EntryListView.swift; sourceTree = "<group>"; };
		DAA4C8FE251A70D2000E15B7 /* EntryListRowView.swift */ = {isa = PBXFileReference; lastKnownFileType = sourcecode.swift; path = EntryListRowView.swift; sourceTree = "<group>"; };
		DAAD1C8224F6AE3000872B79 /* ScannerUIViewController.swift */ = {isa = PBXFileReference; lastKnownFileType = sourcecode.swift; path = ScannerUIViewController.swift; sourceTree = "<group>"; };
		DAAD1C8424F6B0E000872B79 /* ScannerViewRepresent.swift */ = {isa = PBXFileReference; lastKnownFileType = sourcecode.swift; path = ScannerViewRepresent.swift; sourceTree = "<group>"; };
		DAAD1C8624F6B24600872B79 /* ScannerView.swift */ = {isa = PBXFileReference; lastKnownFileType = sourcecode.swift; path = ScannerView.swift; sourceTree = "<group>"; };
		DAB501EB24F6E0740048175E /* PulsarPalace.entitlements */ = {isa = PBXFileReference; lastKnownFileType = text.plist.entitlements; path = PulsarPalace.entitlements; sourceTree = "<group>"; };
		DAB501ED24F6E0E60048175E /* NetworkManager.swift */ = {isa = PBXFileReference; lastKnownFileType = sourcecode.swift; path = NetworkManager.swift; sourceTree = "<group>"; };
		DAB501EF24F6E1490048175E /* APITargets.swift */ = {isa = PBXFileReference; lastKnownFileType = sourcecode.swift; path = APITargets.swift; sourceTree = "<group>"; };
		DAB501F324F6E7B60048175E /* MockResponses.swift */ = {isa = PBXFileReference; lastKnownFileType = sourcecode.swift; path = MockResponses.swift; sourceTree = "<group>"; };
		DAB501F924F6E9C40048175E /* CharacterBackgrounds.swift */ = {isa = PBXFileReference; lastKnownFileType = sourcecode.swift; path = CharacterBackgrounds.swift; sourceTree = "<group>"; };
		DAC2B0AC24F96D5300FF2F9E /* CharacterDescriptors.swift */ = {isa = PBXFileReference; lastKnownFileType = sourcecode.swift; path = CharacterDescriptors.swift; sourceTree = "<group>"; };
		DAC2B0AE24F96D6700FF2F9E /* CharacterSettings.swift */ = {isa = PBXFileReference; lastKnownFileType = sourcecode.swift; path = CharacterSettings.swift; sourceTree = "<group>"; };
		DAC2B0B024F96D7400FF2F9E /* CharacterRoles.swift */ = {isa = PBXFileReference; lastKnownFileType = sourcecode.swift; path = CharacterRoles.swift; sourceTree = "<group>"; };
		DAC2B0B424F96D9C00FF2F9E /* Users.swift */ = {isa = PBXFileReference; lastKnownFileType = sourcecode.swift; path = Users.swift; sourceTree = "<group>"; };
		DAC2B0B624F96DAD00FF2F9E /* Entries.swift */ = {isa = PBXFileReference; lastKnownFileType = sourcecode.swift; path = Entries.swift; sourceTree = "<group>"; };
		DAC2B0B824F96DBD00FF2F9E /* Logs.swift */ = {isa = PBXFileReference; lastKnownFileType = sourcecode.swift; path = Logs.swift; sourceTree = "<group>"; };
		DAC2B0BA24F96DD300FF2F9E /* Songs.swift */ = {isa = PBXFileReference; lastKnownFileType = sourcecode.swift; path = Songs.swift; sourceTree = "<group>"; };
		DAC2B0BC24F96DE600FF2F9E /* Characters.swift */ = {isa = PBXFileReference; lastKnownFileType = sourcecode.swift; path = Characters.swift; sourceTree = "<group>"; };
		DAC2B0BE24F96DF400FF2F9E /* Prompts.swift */ = {isa = PBXFileReference; lastKnownFileType = sourcecode.swift; path = Prompts.swift; sourceTree = "<group>"; };
		DAC2B0C324FA8D8900FF2F9E /* SongPlayerViewController.swift */ = {isa = PBXFileReference; lastKnownFileType = sourcecode.swift; path = SongPlayerViewController.swift; sourceTree = "<group>"; };
		DAC2B0C524FA908E00FF2F9E /* example.mp3 */ = {isa = PBXFileReference; lastKnownFileType = audio.mp3; path = example.mp3; sourceTree = "<group>"; };
		DAC2B0C824FA93FF00FF2F9E /* SongPlayerViewRepresent.swift */ = {isa = PBXFileReference; lastKnownFileType = sourcecode.swift; path = SongPlayerViewRepresent.swift; sourceTree = "<group>"; };
		DAC2B0CA24FA953200FF2F9E /* SongPlayerView.swift */ = {isa = PBXFileReference; lastKnownFileType = sourcecode.swift; path = SongPlayerView.swift; sourceTree = "<group>"; };
		DACB717225152C3B006BA73E /* entriesByCharacter.json */ = {isa = PBXFileReference; lastKnownFileType = text.json; path = entriesByCharacter.json; sourceTree = "<group>"; };
		DAE8BC602550626B0003B49C /* SourceSansPro-LightItalic.ttf */ = {isa = PBXFileReference; lastKnownFileType = file; path = "SourceSansPro-LightItalic.ttf"; sourceTree = "<group>"; };
		DAE8BC612550626B0003B49C /* SourceSansPro-SemiBoldItalic.ttf */ = {isa = PBXFileReference; lastKnownFileType = file; path = "SourceSansPro-SemiBoldItalic.ttf"; sourceTree = "<group>"; };
		DAE8BC632550626B0003B49C /* SourceSansPro-Light.ttf */ = {isa = PBXFileReference; lastKnownFileType = file; path = "SourceSansPro-Light.ttf"; sourceTree = "<group>"; };
		DAE8BC652550626B0003B49C /* SourceSansPro-Black.ttf */ = {isa = PBXFileReference; lastKnownFileType = file; path = "SourceSansPro-Black.ttf"; sourceTree = "<group>"; };
		DAE8BC662550626C0003B49C /* SourceSansPro-BlackItalic.ttf */ = {isa = PBXFileReference; lastKnownFileType = file; path = "SourceSansPro-BlackItalic.ttf"; sourceTree = "<group>"; };
		DAE8BC682550626C0003B49C /* SourceSansPro-Regular.ttf */ = {isa = PBXFileReference; lastKnownFileType = file; path = "SourceSansPro-Regular.ttf"; sourceTree = "<group>"; };
		DAE8BC692550626C0003B49C /* SourceSansPro-SemiBold.ttf */ = {isa = PBXFileReference; lastKnownFileType = file; path = "SourceSansPro-SemiBold.ttf"; sourceTree = "<group>"; };
		DAE8BC89255071BD0003B49C /* Colors.xcassets */ = {isa = PBXFileReference; lastKnownFileType = folder.assetcatalog; path = Colors.xcassets; sourceTree = "<group>"; };
		DAE8BC9025507B0D0003B49C /* ColorExtensions.swift */ = {isa = PBXFileReference; lastKnownFileType = sourcecode.swift; path = ColorExtensions.swift; sourceTree = "<group>"; };
		DAE8BC9325507BBA0003B49C /* FontExtensions.swift */ = {isa = PBXFileReference; lastKnownFileType = sourcecode.swift; path = FontExtensions.swift; sourceTree = "<group>"; };
		DAE8BC982550880F0003B49C /* SourceSansPro-Italic.ttf */ = {isa = PBXFileReference; lastKnownFileType = file; path = "SourceSansPro-Italic.ttf"; sourceTree = "<group>"; };
		DAE8BCA3255097D00003B49C /* TextFieldExtensions.swift */ = {isa = PBXFileReference; lastKnownFileType = sourcecode.swift; path = TextFieldExtensions.swift; sourceTree = "<group>"; };
		DAFD9DA3250AAC5000116198 /* ArrayExtensions.swift */ = {isa = PBXFileReference; lastKnownFileType = sourcecode.swift; path = ArrayExtensions.swift; sourceTree = "<group>"; };
		DD9A6DBED1C2B013E82AC4D6 /* Pods_ef_pulsar_palace.framework */ = {isa = PBXFileReference; explicitFileType = wrapper.framework; includeInIndex = 0; path = Pods_ef_pulsar_palace.framework; sourceTree = BUILT_PRODUCTS_DIR; };
/* End PBXFileReference section */

/* Begin PBXFrameworksBuildPhase section */
		DA87074824EADD9600CF7B62 /* Frameworks */ = {
			isa = PBXFrameworksBuildPhase;
			buildActionMask = 2147483647;
			files = (
				94CD35DC1E237C30D32E8865 /* Pods_ef_pulsar_palace.framework in Frameworks */,
			);
			runOnlyForDeploymentPostprocessing = 0;
		};
/* End PBXFrameworksBuildPhase section */

/* Begin PBXGroup section */
		570C1C08F33CFDFE2BBCF806 /* Pods */ = {
			isa = PBXGroup;
			children = (
				83D06CDFD77E37E25DDEB3FE /* Pods-ef.pulsar-palace.debug.xcconfig */,
				C73FA9AB19050A1D7E998E8E /* Pods-ef.pulsar-palace.release.xcconfig */,
			);
			path = Pods;
			sourceTree = "<group>";
		};
		65D5BC87EA70490450FB40EF /* Frameworks */ = {
			isa = PBXGroup;
			children = (
				DD9A6DBED1C2B013E82AC4D6 /* Pods_ef_pulsar_palace.framework */,
			);
			name = Frameworks;
			sourceTree = "<group>";
		};
		DA03A54D24FEEB7C00E562E0 /* extensions */ = {
			isa = PBXGroup;
			children = (
				DA03A54E24FEEB9000E562E0 /* UserDefaultExtensions.swift */,
				DAFD9DA3250AAC5000116198 /* ArrayExtensions.swift */,
				DAE8BC9025507B0D0003B49C /* ColorExtensions.swift */,
				DAE8BC9325507BBA0003B49C /* FontExtensions.swift */,
				DAE8BCA3255097D00003B49C /* TextFieldExtensions.swift */,
			);
			path = extensions;
			sourceTree = "<group>";
		};
		DA153EC92555B2CC0009D21B /* Graphics */ = {
			isa = PBXGroup;
			children = (
				DA153ECA2555B2FA0009D21B /* LoadingCirclesUI.swift */,
			);
			path = Graphics;
			sourceTree = "<group>";
		};
		DA19105F24F0350600C72477 /* UI */ = {
			isa = PBXGroup;
			children = (
				DA153EC92555B2CC0009D21B /* Graphics */,
				DA87075224EADD9600CF7B62 /* StartView.swift */,
				DA19106224F0394400C72477 /* SignInView.swift */,
				DA19106624F03AB500C72477 /* CreateACharacterView.swift */,
				DA19106824F03B3000C72477 /* MainView.swift */,
				DA19106A24F03BDA00C72477 /* EntryView.swift */,
				DAAD1C8224F6AE3000872B79 /* ScannerUIViewController.swift */,
				DAAD1C8424F6B0E000872B79 /* ScannerViewRepresent.swift */,
				DAAD1C8624F6B24600872B79 /* ScannerView.swift */,
				DAC2B0C324FA8D8900FF2F9E /* SongPlayerViewController.swift */,
				DAC2B0C824FA93FF00FF2F9E /* SongPlayerViewRepresent.swift */,
				DAC2B0CA24FA953200FF2F9E /* SongPlayerView.swift */,
				DA8CA227250BDE0900A53D6B /* SplashUIView.swift */,
				DAA4C8EE251A132F000E15B7 /* ActiveCharacterCardView.swift */,
				DAA4C8E5251A127C000E15B7 /* CharacterView.swift */,
				DAA4C8F1251A1359000E15B7 /* CharacterListRowView.swift */,
				DAA4C8F4251A1371000E15B7 /* CharacterListView.swift */,
				DAA4C8F8251A7068000E15B7 /* AuthoringView.swift */,
				DAA4C8FB251A70C0000E15B7 /* EntryListView.swift */,
				DAA4C8FE251A70D2000E15B7 /* EntryListRowView.swift */,
				DA0EE4D0251E60D50026E4DF /* ResultsView.swift */,
				DA153EB9255313460009D21B /* SettingsUIView.swift */,
				DA153ECD2555C1990009D21B /* LoadingUIView.swift */,
				DA784FB9255ADB080019AD43 /* CharacterPortraitUIView.swift */,
				DA784FBE255ADDC60019AD43 /* SettingsButtonUIView.swift */,
				DA784FC4255AF0410019AD43 /* SettingsRowItemUIView.swift */,
				DA784FC7255AF7540019AD43 /* WhatIsItSwiftUIView.swift */,
				DA784FCA255AF8DD0019AD43 /* WhatIsAnEarthlyFrameUIView.swift */,
				DA784FCD255AF8F00019AD43 /* WhyIsThisHappeningToMeUIView.swift */,
				DA784FD0255B099A0019AD43 /* SpacingManager.swift */,
				DA784FD4255C55CA0019AD43 /* CharacterHealthUIView.swift */,
			);
			path = UI;
			sourceTree = "<group>";
		};
		DA87074224EADD9600CF7B62 = {
			isa = PBXGroup;
			children = (
				DA153EC525543C210009D21B /* README.md */,
				DA58E989254614430048CC84 /* .gitignore */,
				DA24006B24EB54F3009CCD22 /* Podfile */,
				DA87074D24EADD9600CF7B62 /* ef.pulsar-palace */,
				DA87074C24EADD9600CF7B62 /* Products */,
				570C1C08F33CFDFE2BBCF806 /* Pods */,
				65D5BC87EA70490450FB40EF /* Frameworks */,
			);
			sourceTree = "<group>";
		};
		DA87074C24EADD9600CF7B62 /* Products */ = {
			isa = PBXGroup;
			children = (
				DA87074B24EADD9600CF7B62 /* PulsarPalace.app */,
			);
			name = Products;
			sourceTree = "<group>";
		};
		DA87074D24EADD9600CF7B62 /* ef.pulsar-palace */ = {
			isa = PBXGroup;
			children = (
				DAE8BC5A255062380003B49C /* fonts */,
				DA03A54D24FEEB7C00E562E0 /* extensions */,
				DAC2B0C724FA90AF00FF2F9E /* Media */,
				DAB501F824F6E9B30048175E /* Models */,
				DAB501EC24F6E0C20048175E /* Network */,
				DAB501EB24F6E0740048175E /* PulsarPalace.entitlements */,
				DA19105F24F0350600C72477 /* UI */,
				DA87074E24EADD9600CF7B62 /* AppDelegate.swift */,
				DA87075024EADD9600CF7B62 /* SceneDelegate.swift */,
				DA87075424EADD9900CF7B62 /* Assets.xcassets */,
				DAE8BC89255071BD0003B49C /* Colors.xcassets */,
				DA87075924EADD9900CF7B62 /* LaunchScreen.storyboard */,
				DA87075C24EADD9900CF7B62 /* Info.plist */,
				DA87075624EADD9900CF7B62 /* Preview Content */,
			);
			path = "ef.pulsar-palace";
			sourceTree = "<group>";
		};
		DA87075624EADD9900CF7B62 /* Preview Content */ = {
			isa = PBXGroup;
			children = (
				DA87075724EADD9900CF7B62 /* Preview Assets.xcassets */,
			);
			path = "Preview Content";
			sourceTree = "<group>";
		};
		DAB501EC24F6E0C20048175E /* Network */ = {
			isa = PBXGroup;
			children = (
				DAB501F524F6E8050048175E /* Mocks */,
				DAB501ED24F6E0E60048175E /* NetworkManager.swift */,
				DAB501EF24F6E1490048175E /* APITargets.swift */,
				DA29997B250BD9E300A67035 /* AuthenticationHelper.swift */,
			);
			path = Network;
			sourceTree = "<group>";
		};
		DAB501F524F6E8050048175E /* Mocks */ = {
			isa = PBXGroup;
			children = (
				DAB501F324F6E7B60048175E /* MockResponses.swift */,
				DA8CA229250BE65300A53D6B /* signIn.json */,
				DA8CA22B250BE66500A53D6B /* signUp.json */,
				DA95EE2B25124CDA00AE4248 /* getUsersCharacters.json */,
				DA95EE2D25124CF000AE4248 /* getUserByEmail.json */,
				DA95EE2F25124D0600AE4248 /* updateUser.json */,
				DA95EE3125124D1900AE4248 /* getUser.json */,
				DA95EE3325124D2600AE4248 /* createEntry.json */,
				DA95EE3525124D3200AE4248 /* updateEntry.json */,
				DA95EE3725124D4000AE4248 /* deleteEntry.json */,
				DA95EE3925124D4C00AE4248 /* getEntry.json */,
				DA95EE3B25124D6F00AE4248 /* archiveCharacter.json */,
				DA95EE3D25124D7E00AE4248 /* createCharacter.json */,
				DA95EE3F25124D9100AE4248 /* updateCharacter.json */,
				DA95EE4125124DA500AE4248 /* deleteCharacter.json */,
				DA95EE4325124DB200AE4248 /* getPlayerCharacterInfo.json */,
				DA95EE4525124DC100AE4248 /* getCharacter.json */,
				DA95EE4725124DCE00AE4248 /* invitePlayerToLog.json */,
				DA95EE4925124DE200AE4248 /* getLog.json */,
				DA95EE4B25124DF000AE4248 /* createLog.json */,
				DA95EE4D25124DFF00AE4248 /* updateLog.json */,
				DA95EE4F25124E0D00AE4248 /* getPrompt.json */,
				DACB717225152C3B006BA73E /* entriesByCharacter.json */,
				DA426D222520EFD9005E7B98 /* revealConsequences.json */,
			);
			path = Mocks;
			sourceTree = "<group>";
		};
		DAB501F824F6E9B30048175E /* Models */ = {
			isa = PBXGroup;
			children = (
				DAB501F924F6E9C40048175E /* CharacterBackgrounds.swift */,
				DAC2B0AC24F96D5300FF2F9E /* CharacterDescriptors.swift */,
				DAC2B0B024F96D7400FF2F9E /* CharacterRoles.swift */,
				DAC2B0AE24F96D6700FF2F9E /* CharacterSettings.swift */,
				DAC2B0B424F96D9C00FF2F9E /* Users.swift */,
				DAC2B0B624F96DAD00FF2F9E /* Entries.swift */,
				DAC2B0B824F96DBD00FF2F9E /* Logs.swift */,
				DAC2B0BA24F96DD300FF2F9E /* Songs.swift */,
				DAC2B0BC24F96DE600FF2F9E /* Characters.swift */,
				DAC2B0BE24F96DF400FF2F9E /* Prompts.swift */,
				DA3833BF2523B0CE00C3937E /* PulsarErrors.swift */,
			);
			path = Models;
			sourceTree = "<group>";
		};
		DAC2B0C724FA90AF00FF2F9E /* Media */ = {
			isa = PBXGroup;
			children = (
				DA8A82FA252638D4003CC6A5 /* 01 Entrance.m4a */,
				DA8A82F8252638D3003CC6A5 /* 02 Vestibule.m4a */,
				DA8A82FB252638D4003CC6A5 /* 03 Foyer.m4a */,
				DA8A82F3252638D1003CC6A5 /* 04 Drawing Room.m4a */,
				DA8A82F9252638D3003CC6A5 /* 05 Guest Quarters.m4a */,
				DA8A82F7252638D2003CC6A5 /* 06 Great Chamber.m4a */,
				DA8A82FC252638D4003CC6A5 /* 07 Study.m4a */,
				DA8A82F4252638D1003CC6A5 /* 08 Nursery.m4a */,
				DA8A82F5252638D2003CC6A5 /* 09 Cloak Room.m4a */,
				DA8A82F6252638D2003CC6A5 /* 10 Back Gardens.m4a */,
				DAC2B0C524FA908E00FF2F9E /* example.mp3 */,
				DA8A830825263903003CC6A5 /* MediaLookUpHelper.swift */,
			);
			path = Media;
			sourceTree = "<group>";
		};
		DAE8BC5A255062380003B49C /* fonts */ = {
			isa = PBXGroup;
			children = (
				DAE8BC982550880F0003B49C /* SourceSansPro-Italic.ttf */,
				DAE8BC652550626B0003B49C /* SourceSansPro-Black.ttf */,
				DAE8BC662550626C0003B49C /* SourceSansPro-BlackItalic.ttf */,
				DAE8BC632550626B0003B49C /* SourceSansPro-Light.ttf */,
				DAE8BC602550626B0003B49C /* SourceSansPro-LightItalic.ttf */,
				DAE8BC682550626C0003B49C /* SourceSansPro-Regular.ttf */,
				DAE8BC692550626C0003B49C /* SourceSansPro-SemiBold.ttf */,
				DAE8BC612550626B0003B49C /* SourceSansPro-SemiBoldItalic.ttf */,
			);
			path = fonts;
			sourceTree = "<group>";
		};
/* End PBXGroup section */

/* Begin PBXNativeTarget section */
		DA87074A24EADD9600CF7B62 /* ef.pulsar-palace */ = {
			isa = PBXNativeTarget;
			buildConfigurationList = DA87075F24EADD9900CF7B62 /* Build configuration list for PBXNativeTarget "ef.pulsar-palace" */;
			buildPhases = (
				C97EC9F77ECDF06D1A8BF492 /* [CP] Check Pods Manifest.lock */,
				DA87074724EADD9600CF7B62 /* Sources */,
				DA87074824EADD9600CF7B62 /* Frameworks */,
				DA87074924EADD9600CF7B62 /* Resources */,
				6BEF0BB8DC07C338BAFD4785 /* [CP] Embed Pods Frameworks */,
			);
			buildRules = (
			);
			dependencies = (
			);
			name = "ef.pulsar-palace";
			productName = "ef.pulsar-palace";
			productReference = DA87074B24EADD9600CF7B62 /* PulsarPalace.app */;
			productType = "com.apple.product-type.application";
		};
/* End PBXNativeTarget section */

/* Begin PBXProject section */
		DA87074324EADD9600CF7B62 /* Project object */ = {
			isa = PBXProject;
			attributes = {
				LastSwiftUpdateCheck = 1160;
				LastUpgradeCheck = 1200;
				ORGANIZATIONNAME = "Gabriel Walsh";
				TargetAttributes = {
					DA87074A24EADD9600CF7B62 = {
						CreatedOnToolsVersion = 11.6;
					};
				};
			};
			buildConfigurationList = DA87074624EADD9600CF7B62 /* Build configuration list for PBXProject "ef.pulsar-palace" */;
			compatibilityVersion = "Xcode 9.3";
			developmentRegion = en;
			hasScannedForEncodings = 0;
			knownRegions = (
				en,
				Base,
			);
			mainGroup = DA87074224EADD9600CF7B62;
			productRefGroup = DA87074C24EADD9600CF7B62 /* Products */;
			projectDirPath = "";
			projectRoot = "";
			targets = (
				DA87074A24EADD9600CF7B62 /* ef.pulsar-palace */,
			);
		};
/* End PBXProject section */

/* Begin PBXResourcesBuildPhase section */
		DA87074924EADD9600CF7B62 /* Resources */ = {
			isa = PBXResourcesBuildPhase;
			buildActionMask = 2147483647;
			files = (
				DAE8BC73255062870003B49C /* SourceSansPro-BlackItalic.ttf in Resources */,
				DA95EE4625124DC100AE4248 /* getCharacter.json in Resources */,
				DA8A82FF252638D4003CC6A5 /* 09 Cloak Room.m4a in Resources */,
				DA95EE3A25124D4C00AE4248 /* getEntry.json in Resources */,
				DA87075B24EADD9900CF7B62 /* LaunchScreen.storyboard in Resources */,
				DA8A8306252638D4003CC6A5 /* 07 Study.m4a in Resources */,
				DA153EC625543C210009D21B /* README.md in Resources */,
				DA95EE3025124D0600AE4248 /* updateUser.json in Resources */,
				DAE8BC71255062870003B49C /* SourceSansPro-Light.ttf in Resources */,
				DA95EE4225124DA500AE4248 /* deleteCharacter.json in Resources */,
				DA8A82FD252638D4003CC6A5 /* 04 Drawing Room.m4a in Resources */,
				DAE8BC6E255062870003B49C /* SourceSansPro-Regular.ttf in Resources */,
				DA95EE2C25124CDA00AE4248 /* getUsersCharacters.json in Resources */,
				DACB717325152C3B006BA73E /* entriesByCharacter.json in Resources */,
				DA8A8301252638D4003CC6A5 /* 06 Great Chamber.m4a in Resources */,
				DA95EE5025124E0D00AE4248 /* getPrompt.json in Resources */,
				DA95EE4425124DB200AE4248 /* getPlayerCharacterInfo.json in Resources */,
				DAE8BC9A2550880F0003B49C /* SourceSansPro-Italic.ttf in Resources */,
				DAE8BC75255062870003B49C /* SourceSansPro-Black.ttf in Resources */,
				DA8A8305252638D4003CC6A5 /* 03 Foyer.m4a in Resources */,
				DA95EE4025124D9100AE4248 /* updateCharacter.json in Resources */,
				DA8CA22A250BE65300A53D6B /* signIn.json in Resources */,
				DA8CA22C250BE66500A53D6B /* signUp.json in Resources */,
				DA87075824EADD9900CF7B62 /* Preview Assets.xcassets in Resources */,
				DA95EE4825124DCE00AE4248 /* invitePlayerToLog.json in Resources */,
				DA95EE3425124D2600AE4248 /* createEntry.json in Resources */,
				DA8A82FE252638D4003CC6A5 /* 08 Nursery.m4a in Resources */,
				DAE8BC8A255071BD0003B49C /* Colors.xcassets in Resources */,
				DAE8BC76255062870003B49C /* SourceSansPro-SemiBold.ttf in Resources */,
				DA24006C24EB54F3009CCD22 /* Podfile in Resources */,
				DA95EE2E25124CF000AE4248 /* getUserByEmail.json in Resources */,
				DA95EE3E25124D7E00AE4248 /* createCharacter.json in Resources */,
				DA426D232520EFD9005E7B98 /* revealConsequences.json in Resources */,
				DA95EE3825124D4000AE4248 /* deleteEntry.json in Resources */,
				DAE8BC6C255062870003B49C /* SourceSansPro-LightItalic.ttf in Resources */,
				DAE8BC6B255062870003B49C /* SourceSansPro-SemiBoldItalic.ttf in Resources */,
				DA95EE3625124D3200AE4248 /* updateEntry.json in Resources */,
				DA95EE4A25124DE200AE4248 /* getLog.json in Resources */,
				DA8A8300252638D4003CC6A5 /* 10 Back Gardens.m4a in Resources */,
				DA95EE4E25124DFF00AE4248 /* updateLog.json in Resources */,
				DA8A8304252638D4003CC6A5 /* 01 Entrance.m4a in Resources */,
				DA95EE3C25124D6F00AE4248 /* archiveCharacter.json in Resources */,
				DA95EE4C25124DF000AE4248 /* createLog.json in Resources */,
				DA95EE3225124D1900AE4248 /* getUser.json in Resources */,
				DA8A8303252638D4003CC6A5 /* 05 Guest Quarters.m4a in Resources */,
				DA87075524EADD9900CF7B62 /* Assets.xcassets in Resources */,
				DA8A8302252638D4003CC6A5 /* 02 Vestibule.m4a in Resources */,
			);
			runOnlyForDeploymentPostprocessing = 0;
		};
/* End PBXResourcesBuildPhase section */

/* Begin PBXShellScriptBuildPhase section */
		6BEF0BB8DC07C338BAFD4785 /* [CP] Embed Pods Frameworks */ = {
			isa = PBXShellScriptBuildPhase;
			buildActionMask = 2147483647;
			files = (
			);
			inputFileListPaths = (
				"${PODS_ROOT}/Target Support Files/Pods-ef.pulsar-palace/Pods-ef.pulsar-palace-frameworks-${CONFIGURATION}-input-files.xcfilelist",
			);
			name = "[CP] Embed Pods Frameworks";
			outputFileListPaths = (
				"${PODS_ROOT}/Target Support Files/Pods-ef.pulsar-palace/Pods-ef.pulsar-palace-frameworks-${CONFIGURATION}-output-files.xcfilelist",
			);
			runOnlyForDeploymentPostprocessing = 0;
			shellPath = /bin/sh;
			shellScript = "\"${PODS_ROOT}/Target Support Files/Pods-ef.pulsar-palace/Pods-ef.pulsar-palace-frameworks.sh\"\n";
			showEnvVarsInLog = 0;
		};
		C97EC9F77ECDF06D1A8BF492 /* [CP] Check Pods Manifest.lock */ = {
			isa = PBXShellScriptBuildPhase;
			buildActionMask = 2147483647;
			files = (
			);
			inputFileListPaths = (
			);
			inputPaths = (
				"${PODS_PODFILE_DIR_PATH}/Podfile.lock",
				"${PODS_ROOT}/Manifest.lock",
			);
			name = "[CP] Check Pods Manifest.lock";
			outputFileListPaths = (
			);
			outputPaths = (
				"$(DERIVED_FILE_DIR)/Pods-ef.pulsar-palace-checkManifestLockResult.txt",
			);
			runOnlyForDeploymentPostprocessing = 0;
			shellPath = /bin/sh;
			shellScript = "diff \"${PODS_PODFILE_DIR_PATH}/Podfile.lock\" \"${PODS_ROOT}/Manifest.lock\" > /dev/null\nif [ $? != 0 ] ; then\n    # print error to STDERR\n    echo \"error: The sandbox is not in sync with the Podfile.lock. Run 'pod install' or update your CocoaPods installation.\" >&2\n    exit 1\nfi\n# This output is used by Xcode 'outputs' to avoid re-running this script phase.\necho \"SUCCESS\" > \"${SCRIPT_OUTPUT_FILE_0}\"\n";
			showEnvVarsInLog = 0;
		};
/* End PBXShellScriptBuildPhase section */

/* Begin PBXSourcesBuildPhase section */
		DA87074724EADD9600CF7B62 /* Sources */ = {
			isa = PBXSourcesBuildPhase;
			buildActionMask = 2147483647;
			files = (
				DA784FC5255AF0410019AD43 /* SettingsRowItemUIView.swift in Sources */,
				DAC2B0C424FA8D8900FF2F9E /* SongPlayerViewController.swift in Sources */,
				DA153ECE2555C1990009D21B /* LoadingUIView.swift in Sources */,
				DA153EBA255313460009D21B /* SettingsUIView.swift in Sources */,
				DA153ECB2555B2FA0009D21B /* LoadingCirclesUI.swift in Sources */,
				DA87074F24EADD9600CF7B62 /* AppDelegate.swift in Sources */,
				DAA4C8F5251A1371000E15B7 /* CharacterListView.swift in Sources */,
				DA19106924F03B3000C72477 /* MainView.swift in Sources */,
				DAB501F024F6E1490048175E /* APITargets.swift in Sources */,
				DA3833C02523B0CE00C3937E /* PulsarErrors.swift in Sources */,
				DA29997C250BD9E300A67035 /* AuthenticationHelper.swift in Sources */,
				DAC2B0B924F96DBD00FF2F9E /* Logs.swift in Sources */,
				DA784FBF255ADDC60019AD43 /* SettingsButtonUIView.swift in Sources */,
				DAB501FA24F6E9C40048175E /* CharacterBackgrounds.swift in Sources */,
				DAC2B0AF24F96D6700FF2F9E /* CharacterSettings.swift in Sources */,
				DA784FC8255AF7540019AD43 /* WhatIsItSwiftUIView.swift in Sources */,
				DAB501EE24F6E0E60048175E /* NetworkManager.swift in Sources */,
				DAE8BCA4255097D00003B49C /* TextFieldExtensions.swift in Sources */,
				DAAD1C8524F6B0E000872B79 /* ScannerViewRepresent.swift in Sources */,
				DA87075124EADD9600CF7B62 /* SceneDelegate.swift in Sources */,
				DAAD1C8324F6AE3000872B79 /* ScannerUIViewController.swift in Sources */,
				DAC2B0CB24FA953200FF2F9E /* SongPlayerView.swift in Sources */,
				DA784FBA255ADB080019AD43 /* CharacterPortraitUIView.swift in Sources */,
				DAFD9DA4250AAC5000116198 /* ArrayExtensions.swift in Sources */,
				DAC2B0B724F96DAD00FF2F9E /* Entries.swift in Sources */,
				DAA4C8E6251A127C000E15B7 /* CharacterView.swift in Sources */,
				DA784FD5255C55CA0019AD43 /* CharacterHealthUIView.swift in Sources */,
				DAC2B0BD24F96DE600FF2F9E /* Characters.swift in Sources */,
				DAA4C8EF251A132F000E15B7 /* ActiveCharacterCardView.swift in Sources */,
				DA8A830925263903003CC6A5 /* MediaLookUpHelper.swift in Sources */,
				DAC2B0BB24F96DD300FF2F9E /* Songs.swift in Sources */,
				DAC2B0C924FA93FF00FF2F9E /* SongPlayerViewRepresent.swift in Sources */,
				DAA4C8FF251A70D2000E15B7 /* EntryListRowView.swift in Sources */,
				DAAD1C8724F6B24600872B79 /* ScannerView.swift in Sources */,
				DA87075324EADD9600CF7B62 /* StartView.swift in Sources */,
				DAA4C8FC251A70C0000E15B7 /* EntryListView.swift in Sources */,
				DAC2B0AD24F96D5300FF2F9E /* CharacterDescriptors.swift in Sources */,
				DAC2B0B524F96D9C00FF2F9E /* Users.swift in Sources */,
				DA0EE4D1251E60D50026E4DF /* ResultsView.swift in Sources */,
				DAC2B0B124F96D7400FF2F9E /* CharacterRoles.swift in Sources */,
				DA784FD1255B099A0019AD43 /* SpacingManager.swift in Sources */,
				DA8CA228250BDE0900A53D6B /* SplashUIView.swift in Sources */,
				DAB501F424F6E7B60048175E /* MockResponses.swift in Sources */,
				DAE8BC9425507BBA0003B49C /* FontExtensions.swift in Sources */,
				DAC2B0BF24F96DF400FF2F9E /* Prompts.swift in Sources */,
				DAA4C8F9251A7068000E15B7 /* AuthoringView.swift in Sources */,
				DA784FCB255AF8DD0019AD43 /* WhatIsAnEarthlyFrameUIView.swift in Sources */,
				DA784FCE255AF8F00019AD43 /* WhyIsThisHappeningToMeUIView.swift in Sources */,
				DA19106724F03AB500C72477 /* CreateACharacterView.swift in Sources */,
				DA03A54F24FEEB9000E562E0 /* UserDefaultExtensions.swift in Sources */,
				DA19106324F0394400C72477 /* SignInView.swift in Sources */,
				DA19106B24F03BDA00C72477 /* EntryView.swift in Sources */,
				DAA4C8F2251A1359000E15B7 /* CharacterListRowView.swift in Sources */,
				DAE8BC9125507B0D0003B49C /* ColorExtensions.swift in Sources */,
			);
			runOnlyForDeploymentPostprocessing = 0;
		};
/* End PBXSourcesBuildPhase section */

/* Begin PBXVariantGroup section */
		DA87075924EADD9900CF7B62 /* LaunchScreen.storyboard */ = {
			isa = PBXVariantGroup;
			children = (
				DA87075A24EADD9900CF7B62 /* Base */,
			);
			name = LaunchScreen.storyboard;
			sourceTree = "<group>";
		};
/* End PBXVariantGroup section */

/* Begin XCBuildConfiguration section */
		DA87075D24EADD9900CF7B62 /* Debug */ = {
			isa = XCBuildConfiguration;
			buildSettings = {
				ALWAYS_SEARCH_USER_PATHS = NO;
				CLANG_ANALYZER_NONNULL = YES;
				CLANG_ANALYZER_NUMBER_OBJECT_CONVERSION = YES_AGGRESSIVE;
				CLANG_CXX_LANGUAGE_STANDARD = "gnu++14";
				CLANG_CXX_LIBRARY = "libc++";
				CLANG_ENABLE_MODULES = YES;
				CLANG_ENABLE_OBJC_ARC = YES;
				CLANG_ENABLE_OBJC_WEAK = YES;
				CLANG_WARN_BLOCK_CAPTURE_AUTORELEASING = YES;
				CLANG_WARN_BOOL_CONVERSION = YES;
				CLANG_WARN_COMMA = YES;
				CLANG_WARN_CONSTANT_CONVERSION = YES;
				CLANG_WARN_DEPRECATED_OBJC_IMPLEMENTATIONS = YES;
				CLANG_WARN_DIRECT_OBJC_ISA_USAGE = YES_ERROR;
				CLANG_WARN_DOCUMENTATION_COMMENTS = YES;
				CLANG_WARN_EMPTY_BODY = YES;
				CLANG_WARN_ENUM_CONVERSION = YES;
				CLANG_WARN_INFINITE_RECURSION = YES;
				CLANG_WARN_INT_CONVERSION = YES;
				CLANG_WARN_NON_LITERAL_NULL_CONVERSION = YES;
				CLANG_WARN_OBJC_IMPLICIT_RETAIN_SELF = YES;
				CLANG_WARN_OBJC_LITERAL_CONVERSION = YES;
				CLANG_WARN_OBJC_ROOT_CLASS = YES_ERROR;
				CLANG_WARN_QUOTED_INCLUDE_IN_FRAMEWORK_HEADER = YES;
				CLANG_WARN_RANGE_LOOP_ANALYSIS = YES;
				CLANG_WARN_STRICT_PROTOTYPES = YES;
				CLANG_WARN_SUSPICIOUS_MOVE = YES;
				CLANG_WARN_UNGUARDED_AVAILABILITY = YES_AGGRESSIVE;
				CLANG_WARN_UNREACHABLE_CODE = YES;
				CLANG_WARN__DUPLICATE_METHOD_MATCH = YES;
				COPY_PHASE_STRIP = NO;
				DEBUG_INFORMATION_FORMAT = dwarf;
				ENABLE_STRICT_OBJC_MSGSEND = YES;
				ENABLE_TESTABILITY = YES;
				GCC_C_LANGUAGE_STANDARD = gnu11;
				GCC_DYNAMIC_NO_PIC = NO;
				GCC_NO_COMMON_BLOCKS = YES;
				GCC_OPTIMIZATION_LEVEL = 0;
				GCC_PREPROCESSOR_DEFINITIONS = (
					"DEBUG=1",
					"$(inherited)",
				);
				GCC_WARN_64_TO_32_BIT_CONVERSION = YES;
				GCC_WARN_ABOUT_RETURN_TYPE = YES_ERROR;
				GCC_WARN_UNDECLARED_SELECTOR = YES;
				GCC_WARN_UNINITIALIZED_AUTOS = YES_AGGRESSIVE;
				GCC_WARN_UNUSED_FUNCTION = YES;
				GCC_WARN_UNUSED_VARIABLE = YES;
				IPHONEOS_DEPLOYMENT_TARGET = 14.0;
				MTL_ENABLE_DEBUG_INFO = INCLUDE_SOURCE;
				MTL_FAST_MATH = YES;
				ONLY_ACTIVE_ARCH = YES;
				SDKROOT = iphoneos;
				SWIFT_ACTIVE_COMPILATION_CONDITIONS = DEBUG;
				SWIFT_OPTIMIZATION_LEVEL = "-Onone";
			};
			name = Debug;
		};
		DA87075E24EADD9900CF7B62 /* Release */ = {
			isa = XCBuildConfiguration;
			buildSettings = {
				ALWAYS_SEARCH_USER_PATHS = NO;
				CLANG_ANALYZER_NONNULL = YES;
				CLANG_ANALYZER_NUMBER_OBJECT_CONVERSION = YES_AGGRESSIVE;
				CLANG_CXX_LANGUAGE_STANDARD = "gnu++14";
				CLANG_CXX_LIBRARY = "libc++";
				CLANG_ENABLE_MODULES = YES;
				CLANG_ENABLE_OBJC_ARC = YES;
				CLANG_ENABLE_OBJC_WEAK = YES;
				CLANG_WARN_BLOCK_CAPTURE_AUTORELEASING = YES;
				CLANG_WARN_BOOL_CONVERSION = YES;
				CLANG_WARN_COMMA = YES;
				CLANG_WARN_CONSTANT_CONVERSION = YES;
				CLANG_WARN_DEPRECATED_OBJC_IMPLEMENTATIONS = YES;
				CLANG_WARN_DIRECT_OBJC_ISA_USAGE = YES_ERROR;
				CLANG_WARN_DOCUMENTATION_COMMENTS = YES;
				CLANG_WARN_EMPTY_BODY = YES;
				CLANG_WARN_ENUM_CONVERSION = YES;
				CLANG_WARN_INFINITE_RECURSION = YES;
				CLANG_WARN_INT_CONVERSION = YES;
				CLANG_WARN_NON_LITERAL_NULL_CONVERSION = YES;
				CLANG_WARN_OBJC_IMPLICIT_RETAIN_SELF = YES;
				CLANG_WARN_OBJC_LITERAL_CONVERSION = YES;
				CLANG_WARN_OBJC_ROOT_CLASS = YES_ERROR;
				CLANG_WARN_QUOTED_INCLUDE_IN_FRAMEWORK_HEADER = YES;
				CLANG_WARN_RANGE_LOOP_ANALYSIS = YES;
				CLANG_WARN_STRICT_PROTOTYPES = YES;
				CLANG_WARN_SUSPICIOUS_MOVE = YES;
				CLANG_WARN_UNGUARDED_AVAILABILITY = YES_AGGRESSIVE;
				CLANG_WARN_UNREACHABLE_CODE = YES;
				CLANG_WARN__DUPLICATE_METHOD_MATCH = YES;
				COPY_PHASE_STRIP = NO;
				DEBUG_INFORMATION_FORMAT = "dwarf-with-dsym";
				ENABLE_NS_ASSERTIONS = NO;
				ENABLE_STRICT_OBJC_MSGSEND = YES;
				GCC_C_LANGUAGE_STANDARD = gnu11;
				GCC_NO_COMMON_BLOCKS = YES;
				GCC_WARN_64_TO_32_BIT_CONVERSION = YES;
				GCC_WARN_ABOUT_RETURN_TYPE = YES_ERROR;
				GCC_WARN_UNDECLARED_SELECTOR = YES;
				GCC_WARN_UNINITIALIZED_AUTOS = YES_AGGRESSIVE;
				GCC_WARN_UNUSED_FUNCTION = YES;
				GCC_WARN_UNUSED_VARIABLE = YES;
				IPHONEOS_DEPLOYMENT_TARGET = 14.0;
				MTL_ENABLE_DEBUG_INFO = NO;
				MTL_FAST_MATH = YES;
				SDKROOT = iphoneos;
				SWIFT_COMPILATION_MODE = wholemodule;
				SWIFT_OPTIMIZATION_LEVEL = "-O";
				VALIDATE_PRODUCT = YES;
			};
			name = Release;
		};
		DA87076024EADD9900CF7B62 /* Debug */ = {
			isa = XCBuildConfiguration;
			baseConfigurationReference = 83D06CDFD77E37E25DDEB3FE /* Pods-ef.pulsar-palace.debug.xcconfig */;
			buildSettings = {
				ASSETCATALOG_COMPILER_APPICON_NAME = AppIcon;
				CODE_SIGN_ENTITLEMENTS = "ef.pulsar-palace/PulsarPalace.entitlements";
				CODE_SIGN_STYLE = Automatic;
				DEVELOPMENT_ASSET_PATHS = "\"ef.pulsar-palace/Preview Content\"";
				DEVELOPMENT_TEAM = A3QT3RRV5J;
				ENABLE_PREVIEWS = YES;
				INFOPLIST_FILE = "ef.pulsar-palace/Info.plist";
				LD_RUNPATH_SEARCH_PATHS = (
					"$(inherited)",
					"@executable_path/Frameworks",
				);
				PRODUCT_BUNDLE_IDENTIFIER = "brotherclone.ef-pulsar-palace";
				PRODUCT_NAME = PulsarPalace;
				SWIFT_VERSION = 5.0;
				TARGETED_DEVICE_FAMILY = "1,2";
			};
			name = Debug;
		};
		DA87076124EADD9900CF7B62 /* Release */ = {
			isa = XCBuildConfiguration;
			baseConfigurationReference = C73FA9AB19050A1D7E998E8E /* Pods-ef.pulsar-palace.release.xcconfig */;
			buildSettings = {
				ASSETCATALOG_COMPILER_APPICON_NAME = AppIcon;
				CODE_SIGN_ENTITLEMENTS = "ef.pulsar-palace/PulsarPalace.entitlements";
				CODE_SIGN_STYLE = Automatic;
				DEVELOPMENT_ASSET_PATHS = "\"ef.pulsar-palace/Preview Content\"";
				DEVELOPMENT_TEAM = A3QT3RRV5J;
				ENABLE_PREVIEWS = YES;
				INFOPLIST_FILE = "ef.pulsar-palace/Info.plist";
				LD_RUNPATH_SEARCH_PATHS = (
					"$(inherited)",
					"@executable_path/Frameworks",
				);
				PRODUCT_BUNDLE_IDENTIFIER = "brotherclone.ef-pulsar-palace";
				PRODUCT_NAME = PulsarPalace;
				SWIFT_VERSION = 5.0;
				TARGETED_DEVICE_FAMILY = "1,2";
			};
			name = Release;
		};
/* End XCBuildConfiguration section */

/* Begin XCConfigurationList section */
		DA87074624EADD9600CF7B62 /* Build configuration list for PBXProject "ef.pulsar-palace" */ = {
			isa = XCConfigurationList;
			buildConfigurations = (
				DA87075D24EADD9900CF7B62 /* Debug */,
				DA87075E24EADD9900CF7B62 /* Release */,
			);
			defaultConfigurationIsVisible = 0;
			defaultConfigurationName = Release;
		};
		DA87075F24EADD9900CF7B62 /* Build configuration list for PBXNativeTarget "ef.pulsar-palace" */ = {
			isa = XCConfigurationList;
			buildConfigurations = (
				DA87076024EADD9900CF7B62 /* Debug */,
				DA87076124EADD9900CF7B62 /* Release */,
			);
			defaultConfigurationIsVisible = 0;
			defaultConfigurationName = Release;
		};
/* End XCConfigurationList section */
	};
	rootObject = DA87074324EADD9600CF7B62 /* Project object */;
}
