// !$*UTF8*$!
{
	archiveVersion = 1;
	classes = {
	};
	objectVersion = 50;
	objects = {

/* Begin PBXBuildFile section */
		DA87074F24EADD9600CF7B62 /* AppDelegate.swift in Sources */ = {isa = PBXBuildFile; fileRef = DA87074E24EADD9600CF7B62 /* AppDelegate.swift */; };
		DA87075124EADD9600CF7B62 /* SceneDelegate.swift in Sources */ = {isa = PBXBuildFile; fileRef = DA87075024EADD9600CF7B62 /* SceneDelegate.swift */; };
		DA87075324EADD9600CF7B62 /* ContentView.swift in Sources */ = {isa = PBXBuildFile; fileRef = DA87075224EADD9600CF7B62 /* ContentView.swift */; };
		DA87075524EADD9900CF7B62 /* Assets.xcassets in Resources */ = {isa = PBXBuildFile; fileRef = DA87075424EADD9900CF7B62 /* Assets.xcassets */; };
		DA87075824EADD9900CF7B62 /* Preview Assets.xcassets in Resources */ = {isa = PBXBuildFile; fileRef = DA87075724EADD9900CF7B62 /* Preview Assets.xcassets */; };
		DA87075B24EADD9900CF7B62 /* LaunchScreen.storyboard in Resources */ = {isa = PBXBuildFile; fileRef = DA87075924EADD9900CF7B62 /* LaunchScreen.storyboard */; };
/* End PBXBuildFile section */

/* Begin PBXFileReference section */
		DA87074B24EADD9600CF7B62 /* ef.pulsar-palace.app */ = {isa = PBXFileReference; explicitFileType = wrapper.application; includeInIndex = 0; path = "ef.pulsar-palace.app"; sourceTree = BUILT_PRODUCTS_DIR; };
		DA87074E24EADD9600CF7B62 /* AppDelegate.swift */ = {isa = PBXFileReference; lastKnownFileType = sourcecode.swift; path = AppDelegate.swift; sourceTree = "<group>"; };
		DA87075024EADD9600CF7B62 /* SceneDelegate.swift */ = {isa = PBXFileReference; lastKnownFileType = sourcecode.swift; path = SceneDelegate.swift; sourceTree = "<group>"; };
		DA87075224EADD9600CF7B62 /* ContentView.swift */ = {isa = PBXFileReference; lastKnownFileType = sourcecode.swift; path = ContentView.swift; sourceTree = "<group>"; };
		DA87075424EADD9900CF7B62 /* Assets.xcassets */ = {isa = PBXFileReference; lastKnownFileType = folder.assetcatalog; path = Assets.xcassets; sourceTree = "<group>"; };
		DA87075724EADD9900CF7B62 /* Preview Assets.xcassets */ = {isa = PBXFileReference; lastKnownFileType = folder.assetcatalog; path = "Preview Assets.xcassets"; sourceTree = "<group>"; };
		DA87075A24EADD9900CF7B62 /* Base */ = {isa = PBXFileReference; lastKnownFileType = file.storyboard; name = Base; path = Base.lproj/LaunchScreen.storyboard; sourceTree = "<group>"; };
		DA87075C24EADD9900CF7B62 /* Info.plist */ = {isa = PBXFileReference; lastKnownFileType = text.plist.xml; path = Info.plist; sourceTree = "<group>"; };
/* End PBXFileReference section */

/* Begin PBXFrameworksBuildPhase section */
		DA87074824EADD9600CF7B62 /* Frameworks */ = {
			isa = PBXFrameworksBuildPhase;
			buildActionMask = 2147483647;
			files = (
			);
			runOnlyForDeploymentPostprocessing = 0;
		};
/* End PBXFrameworksBuildPhase section */

/* Begin PBXGroup section */
		DA87074224EADD9600CF7B62 = {
			isa = PBXGroup;
			children = (
				DA87074D24EADD9600CF7B62 /* ef.pulsar-palace */,
				DA87074C24EADD9600CF7B62 /* Products */,
			);
			sourceTree = "<group>";
		};
		DA87074C24EADD9600CF7B62 /* Products */ = {
			isa = PBXGroup;
			children = (
				DA87074B24EADD9600CF7B62 /* ef.pulsar-palace.app */,
			);
			name = Products;
			sourceTree = "<group>";
		};
		DA87074D24EADD9600CF7B62 /* ef.pulsar-palace */ = {
			isa = PBXGroup;
			children = (
				DA87074E24EADD9600CF7B62 /* AppDelegate.swift */,
				DA87075024EADD9600CF7B62 /* SceneDelegate.swift */,
				DA87075224EADD9600CF7B62 /* ContentView.swift */,
				DA87075424EADD9900CF7B62 /* Assets.xcassets */,
				DA87075924EADD9900CF7B62 /* LaunchScreen.storyboard */,
				DA87075C24EADD9900CF7B62 /* Info.plist */,
				DA87075624EADD9900CF7B62 /* Preview Content */,
			);
			path = "ef.pulsar-palace";
			sourceTree = "<group>";
		};
		DA87075624EADD9900CF7B62 /* Preview Content */ = {
			isa = PBXGroup;
			children = (
				DA87075724EADD9900CF7B62 /* Preview Assets.xcassets */,
			);
			path = "Preview Content";
			sourceTree = "<group>";
		};
/* End PBXGroup section */

/* Begin PBXNativeTarget section */
		DA87074A24EADD9600CF7B62 /* ef.pulsar-palace */ = {
			isa = PBXNativeTarget;
			buildConfigurationList = DA87075F24EADD9900CF7B62 /* Build configuration list for PBXNativeTarget "ef.pulsar-palace" */;
			buildPhases = (
				DA87074724EADD9600CF7B62 /* Sources */,
				DA87074824EADD9600CF7B62 /* Frameworks */,
				DA87074924EADD9600CF7B62 /* Resources */,
			);
			buildRules = (
			);
			dependencies = (
			);
			name = "ef.pulsar-palace";
			productName = "ef.pulsar-palace";
			productReference = DA87074B24EADD9600CF7B62 /* ef.pulsar-palace.app */;
			productType = "com.apple.product-type.application";
		};
/* End PBXNativeTarget section */

/* Begin PBXProject section */
		DA87074324EADD9600CF7B62 /* Project object */ = {
			isa = PBXProject;
			attributes = {
				LastSwiftUpdateCheck = 1160;
				LastUpgradeCheck = 1160;
				ORGANIZATIONNAME = "Gabriel Walsh";
				TargetAttributes = {
					DA87074A24EADD9600CF7B62 = {
						CreatedOnToolsVersion = 11.6;
					};
				};
			};
			buildConfigurationList = DA87074624EADD9600CF7B62 /* Build configuration list for PBXProject "ef.pulsar-palace" */;
			compatibilityVersion = "Xcode 9.3";
			developmentRegion = en;
			hasScannedForEncodings = 0;
			knownRegions = (
				en,
				Base,
			);
			mainGroup = DA87074224EADD9600CF7B62;
			productRefGroup = DA87074C24EADD9600CF7B62 /* Products */;
			projectDirPath = "";
			projectRoot = "";
			targets = (
				DA87074A24EADD9600CF7B62 /* ef.pulsar-palace */,
			);
		};
/* End PBXProject section */

/* Begin PBXResourcesBuildPhase section */
		DA87074924EADD9600CF7B62 /* Resources */ = {
			isa = PBXResourcesBuildPhase;
			buildActionMask = 2147483647;
			files = (
				DA87075B24EADD9900CF7B62 /* LaunchScreen.storyboard in Resources */,
				DA87075824EADD9900CF7B62 /* Preview Assets.xcassets in Resources */,
				DA87075524EADD9900CF7B62 /* Assets.xcassets in Resources */,
			);
			runOnlyForDeploymentPostprocessing = 0;
		};
/* End PBXResourcesBuildPhase section */

/* Begin PBXSourcesBuildPhase section */
		DA87074724EADD9600CF7B62 /* Sources */ = {
			isa = PBXSourcesBuildPhase;
			buildActionMask = 2147483647;
			files = (
				DA87074F24EADD9600CF7B62 /* AppDelegate.swift in Sources */,
				DA87075124EADD9600CF7B62 /* SceneDelegate.swift in Sources */,
				DA87075324EADD9600CF7B62 /* ContentView.swift in Sources */,
			);
			runOnlyForDeploymentPostprocessing = 0;
		};
/* End PBXSourcesBuildPhase section */

/* Begin PBXVariantGroup section */
		DA87075924EADD9900CF7B62 /* LaunchScreen.storyboard */ = {
			isa = PBXVariantGroup;
			children = (
				DA87075A24EADD9900CF7B62 /* Base */,
			);
			name = LaunchScreen.storyboard;
			sourceTree = "<group>";
		};
/* End PBXVariantGroup section */

/* Begin XCBuildConfiguration section */
		DA87075D24EADD9900CF7B62 /* Debug */ = {
			isa = XCBuildConfiguration;
			buildSettings = {
				ALWAYS_SEARCH_USER_PATHS = NO;
				CLANG_ANALYZER_NONNULL = YES;
				CLANG_ANALYZER_NUMBER_OBJECT_CONVERSION = YES_AGGRESSIVE;
				CLANG_CXX_LANGUAGE_STANDARD = "gnu++14";
				CLANG_CXX_LIBRARY = "libc++";
				CLANG_ENABLE_MODULES = YES;
				CLANG_ENABLE_OBJC_ARC = YES;
				CLANG_ENABLE_OBJC_WEAK = YES;
				CLANG_WARN_BLOCK_CAPTURE_AUTORELEASING = YES;
				CLANG_WARN_BOOL_CONVERSION = YES;
				CLANG_WARN_COMMA = YES;
				CLANG_WARN_CONSTANT_CONVERSION = YES;
				CLANG_WARN_DEPRECATED_OBJC_IMPLEMENTATIONS = YES;
				CLANG_WARN_DIRECT_OBJC_ISA_USAGE = YES_ERROR;
				CLANG_WARN_DOCUMENTATION_COMMENTS = YES;
				CLANG_WARN_EMPTY_BODY = YES;
				CLANG_WARN_ENUM_CONVERSION = YES;
				CLANG_WARN_INFINITE_RECURSION = YES;
				CLANG_WARN_INT_CONVERSION = YES;
				CLANG_WARN_NON_LITERAL_NULL_CONVERSION = YES;
				CLANG_WARN_OBJC_IMPLICIT_RETAIN_SELF = YES;
				CLANG_WARN_OBJC_LITERAL_CONVERSION = YES;
				CLANG_WARN_OBJC_ROOT_CLASS = YES_ERROR;
				CLANG_WARN_RANGE_LOOP_ANALYSIS = YES;
				CLANG_WARN_STRICT_PROTOTYPES = YES;
				CLANG_WARN_SUSPICIOUS_MOVE = YES;
				CLANG_WARN_UNGUARDED_AVAILABILITY = YES_AGGRESSIVE;
				CLANG_WARN_UNREACHABLE_CODE = YES;
				CLANG_WARN__DUPLICATE_METHOD_MATCH = YES;
				COPY_PHASE_STRIP = NO;
				DEBUG_INFORMATION_FORMAT = dwarf;
				ENABLE_STRICT_OBJC_MSGSEND = YES;
				ENABLE_TESTABILITY = YES;
				GCC_C_LANGUAGE_STANDARD = gnu11;
				GCC_DYNAMIC_NO_PIC = NO;
				GCC_NO_COMMON_BLOCKS = YES;
				GCC_OPTIMIZATION_LEVEL = 0;
				GCC_PREPROCESSOR_DEFINITIONS = (
					"DEBUG=1",
					"$(inherited)",
				);
				GCC_WARN_64_TO_32_BIT_CONVERSION = YES;
				GCC_WARN_ABOUT_RETURN_TYPE = YES_ERROR;
				GCC_WARN_UNDECLARED_SELECTOR = YES;
				GCC_WARN_UNINITIALIZED_AUTOS = YES_AGGRESSIVE;
				GCC_WARN_UNUSED_FUNCTION = YES;
				GCC_WARN_UNUSED_VARIABLE = YES;
				IPHONEOS_DEPLOYMENT_TARGET = 13.6;
				MTL_ENABLE_DEBUG_INFO = INCLUDE_SOURCE;
				MTL_FAST_MATH = YES;
				ONLY_ACTIVE_ARCH = YES;
				SDKROOT = iphoneos;
				SWIFT_ACTIVE_COMPILATION_CONDITIONS = DEBUG;
				SWIFT_OPTIMIZATION_LEVEL = "-Onone";
			};
			name = Debug;
		};
		DA87075E24EADD9900CF7B62 /* Release */ = {
			isa = XCBuildConfiguration;
			buildSettings = {
				ALWAYS_SEARCH_USER_PATHS = NO;
				CLANG_ANALYZER_NONNULL = YES;
				CLANG_ANALYZER_NUMBER_OBJECT_CONVERSION = YES_AGGRESSIVE;
				CLANG_CXX_LANGUAGE_STANDARD = "gnu++14";
				CLANG_CXX_LIBRARY = "libc++";
				CLANG_ENABLE_MODULES = YES;
				CLANG_ENABLE_OBJC_ARC = YES;
				CLANG_ENABLE_OBJC_WEAK = YES;
				CLANG_WARN_BLOCK_CAPTURE_AUTORELEASING = YES;
				CLANG_WARN_BOOL_CONVERSION = YES;
				CLANG_WARN_COMMA = YES;
				CLANG_WARN_CONSTANT_CONVERSION = YES;
				CLANG_WARN_DEPRECATED_OBJC_IMPLEMENTATIONS = YES;
				CLANG_WARN_DIRECT_OBJC_ISA_USAGE = YES_ERROR;
				CLANG_WARN_DOCUMENTATION_COMMENTS = YES;
				CLANG_WARN_EMPTY_BODY = YES;
				CLANG_WARN_ENUM_CONVERSION = YES;
				CLANG_WARN_INFINITE_RECURSION = YES;
				CLANG_WARN_INT_CONVERSION = YES;
				CLANG_WARN_NON_LITERAL_NULL_CONVERSION = YES;
				CLANG_WARN_OBJC_IMPLICIT_RETAIN_SELF = YES;
				CLANG_WARN_OBJC_LITERAL_CONVERSION = YES;
				CLANG_WARN_OBJC_ROOT_CLASS = YES_ERROR;
				CLANG_WARN_RANGE_LOOP_ANALYSIS = YES;
				CLANG_WARN_STRICT_PROTOTYPES = YES;
				CLANG_WARN_SUSPICIOUS_MOVE = YES;
				CLANG_WARN_UNGUARDED_AVAILABILITY = YES_AGGRESSIVE;
				CLANG_WARN_UNREACHABLE_CODE = YES;
				CLANG_WARN__DUPLICATE_METHOD_MATCH = YES;
				COPY_PHASE_STRIP = NO;
				DEBUG_INFORMATION_FORMAT = "dwarf-with-dsym";
				ENABLE_NS_ASSERTIONS = NO;
				ENABLE_STRICT_OBJC_MSGSEND = YES;
				GCC_C_LANGUAGE_STANDARD = gnu11;
				GCC_NO_COMMON_BLOCKS = YES;
				GCC_WARN_64_TO_32_BIT_CONVERSION = YES;
				GCC_WARN_ABOUT_RETURN_TYPE = YES_ERROR;
				GCC_WARN_UNDECLARED_SELECTOR = YES;
				GCC_WARN_UNINITIALIZED_AUTOS = YES_AGGRESSIVE;
				GCC_WARN_UNUSED_FUNCTION = YES;
				GCC_WARN_UNUSED_VARIABLE = YES;
				IPHONEOS_DEPLOYMENT_TARGET = 13.6;
				MTL_ENABLE_DEBUG_INFO = NO;
				MTL_FAST_MATH = YES;
				SDKROOT = iphoneos;
				SWIFT_COMPILATION_MODE = wholemodule;
				SWIFT_OPTIMIZATION_LEVEL = "-O";
				VALIDATE_PRODUCT = YES;
			};
			name = Release;
		};
		DA87076024EADD9900CF7B62 /* Debug */ = {
			isa = XCBuildConfiguration;
			buildSettings = {
				ASSETCATALOG_COMPILER_APPICON_NAME = AppIcon;
				CODE_SIGN_STYLE = Automatic;
				DEVELOPMENT_ASSET_PATHS = "\"ef.pulsar-palace/Preview Content\"";
				DEVELOPMENT_TEAM = A3QT3RRV5J;
				ENABLE_PREVIEWS = YES;
				INFOPLIST_FILE = "ef.pulsar-palace/Info.plist";
				LD_RUNPATH_SEARCH_PATHS = (
					"$(inherited)",
					"@executable_path/Frameworks",
				);
				PRODUCT_BUNDLE_IDENTIFIER = "brotherclone.ef-pulsar-palace";
				PRODUCT_NAME = "$(TARGET_NAME)";
				SWIFT_VERSION = 5.0;
				TARGETED_DEVICE_FAMILY = "1,2";
			};
			name = Debug;
		};
		DA87076124EADD9900CF7B62 /* Release */ = {
			isa = XCBuildConfiguration;
			buildSettings = {
				ASSETCATALOG_COMPILER_APPICON_NAME = AppIcon;
				CODE_SIGN_STYLE = Automatic;
				DEVELOPMENT_ASSET_PATHS = "\"ef.pulsar-palace/Preview Content\"";
				DEVELOPMENT_TEAM = A3QT3RRV5J;
				ENABLE_PREVIEWS = YES;
				INFOPLIST_FILE = "ef.pulsar-palace/Info.plist";
				LD_RUNPATH_SEARCH_PATHS = (
					"$(inherited)",
					"@executable_path/Frameworks",
				);
				PRODUCT_BUNDLE_IDENTIFIER = "brotherclone.ef-pulsar-palace";
				PRODUCT_NAME = "$(TARGET_NAME)";
				SWIFT_VERSION = 5.0;
				TARGETED_DEVICE_FAMILY = "1,2";
			};
			name = Release;
		};
/* End XCBuildConfiguration section */

/* Begin XCConfigurationList section */
		DA87074624EADD9600CF7B62 /* Build configuration list for PBXProject "ef.pulsar-palace" */ = {
			isa = XCConfigurationList;
			buildConfigurations = (
				DA87075D24EADD9900CF7B62 /* Debug */,
				DA87075E24EADD9900CF7B62 /* Release */,
			);
			defaultConfigurationIsVisible = 0;
			defaultConfigurationName = Release;
		};
		DA87075F24EADD9900CF7B62 /* Build configuration list for PBXNativeTarget "ef.pulsar-palace" */ = {
			isa = XCConfigurationList;
			buildConfigurations = (
				DA87076024EADD9900CF7B62 /* Debug */,
				DA87076124EADD9900CF7B62 /* Release */,
			);
			defaultConfigurationIsVisible = 0;
			defaultConfigurationName = Release;
		};
/* End XCConfigurationList section */
	};
	rootObject = DA87074324EADD9600CF7B62 /* Project object */;
}
